
Microsoft Visual Studio Solution File, Format Version 12.00
# Visual Studio Version 17
VisualStudioVersion = 17.6.33801.468
MinimumVisualStudioVersion = 10.0.40219.1
Project("{FAE04EC0-301F-11D3-BF4B-00C04F79EFBC}") = "01. Action Print", "01. Action Print\01. Action Print.csproj", "{007E8A54-F827-4CAA-831D-336954D937B5}"
EndProject
Project("{FAE04EC0-301F-11D3-BF4B-00C04F79EFBC}") = "02. Knights of Honor", "02. Knights of Honor\02. Knights of Honor.csproj", "{FE8E9B29-3F45-486F-8EE6-8D3EDAEBBEA8}"
EndProject
Project("{FAE04EC0-301F-11D3-BF4B-00C04F79EFBC}") = "03. Custom Min Function", "03. Custom Min Function\03. Custom Min Function.csproj", "{89F24415-5B52-4A4C-AFD8-06ECD1E167BF}"
EndProject
Project("{FAE04EC0-301F-11D3-BF4B-00C04F79EFBC}") = "04. Find Evens or Odds", "04. Find Evens or Odds\04. Find Evens or Odds.csproj", "{02487B1E-F6F6-4313-8BDD-82EF469CD9A5}"
EndProject
Project("{FAE04EC0-301F-11D3-BF4B-00C04F79EFBC}") = "05. Applied Arithmetics", "05. Applied Arithmetics\05. Applied Arithmetics.csproj", "{66F2DE00-A0C7-4BAE-8EAD-F246CB9F8651}"
EndProject
Project("{FAE04EC0-301F-11D3-BF4B-00C04F79EFBC}") = "06. Reverse And Exclude", "06. Reverse And Exclude\06. Reverse And Exclude.csproj", "{8E445C99-BC26-4209-A7AD-B89DEB1DD51A}"
EndProject
Global
	GlobalSection(SolutionConfigurationPlatforms) = preSolution
		Debug|Any CPU = Debug|Any CPU
		Release|Any CPU = Release|Any CPU
	EndGlobalSection
	GlobalSection(ProjectConfigurationPlatforms) = postSolution
		{007E8A54-F827-4CAA-831D-336954D937B5}.Debug|Any CPU.ActiveCfg = Debug|Any CPU
		{007E8A54-F827-4CAA-831D-336954D937B5}.Debug|Any CPU.Build.0 = Debug|Any CPU
		{007E8A54-F827-4CAA-831D-336954D937B5}.Release|Any CPU.ActiveCfg = Release|Any CPU
		{007E8A54-F827-4CAA-831D-336954D937B5}.Release|Any CPU.Build.0 = Release|Any CPU
		{FE8E9B29-3F45-486F-8EE6-8D3EDAEBBEA8}.Debug|Any CPU.ActiveCfg = Debug|Any CPU
		{FE8E9B29-3F45-486F-8EE6-8D3EDAEBBEA8}.Debug|Any CPU.Build.0 = Debug|Any CPU
		{FE8E9B29-3F45-486F-8EE6-8D3EDAEBBEA8}.Release|Any CPU.ActiveCfg = Release|Any CPU
		{FE8E9B29-3F45-486F-8EE6-8D3EDAEBBEA8}.Release|Any CPU.Build.0 = Release|Any CPU
		{89F24415-5B52-4A4C-AFD8-06ECD1E167BF}.Debug|Any CPU.ActiveCfg = Debug|Any CPU
		{89F24415-5B52-4A4C-AFD8-06ECD1E167BF}.Debug|Any CPU.Build.0 = Debug|Any CPU
		{89F24415-5B52-4A4C-AFD8-06ECD1E167BF}.Release|Any CPU.ActiveCfg = Release|Any CPU
		{89F24415-5B52-4A4C-AFD8-06ECD1E167BF}.Release|Any CPU.Build.0 = Release|Any CPU
		{02487B1E-F6F6-4313-8BDD-82EF469CD9A5}.Debug|Any CPU.ActiveCfg = Debug|Any CPU
		{02487B1E-F6F6-4313-8BDD-82EF469CD9A5}.Debug|Any CPU.Build.0 = Debug|Any CPU
		{02487B1E-F6F6-4313-8BDD-82EF469CD9A5}.Release|Any CPU.ActiveCfg = Release|Any CPU
		{02487B1E-F6F6-4313-8BDD-82EF469CD9A5}.Release|Any CPU.Build.0 = Release|Any CPU
		{66F2DE00-A0C7-4BAE-8EAD-F246CB9F8651}.Debug|Any CPU.ActiveCfg = Debug|Any CPU
		{66F2DE00-A0C7-4BAE-8EAD-F246CB9F8651}.Debug|Any CPU.Build.0 = Debug|Any CPU
		{66F2DE00-A0C7-4BAE-8EAD-F246CB9F8651}.Release|Any CPU.ActiveCfg = Release|Any CPU
		{66F2DE00-A0C7-4BAE-8EAD-F246CB9F8651}.Release|Any CPU.Build.0 = Release|Any CPU
		{8E445C99-BC26-4209-A7AD-B89DEB1DD51A}.Debug|Any CPU.ActiveCfg = Debug|Any CPU
		{8E445C99-BC26-4209-A7AD-B89DEB1DD51A}.Debug|Any CPU.Build.0 = Debug|Any CPU
		{8E445C99-BC26-4209-A7AD-B89DEB1DD51A}.Release|Any CPU.ActiveCfg = Release|Any CPU
		{8E445C99-BC26-4209-A7AD-B89DEB1DD51A}.Release|Any CPU.Build.0 = Release|Any CPU
	EndGlobalSection
	GlobalSection(SolutionProperties) = preSolution
		HideSolutionNode = FALSE
	EndGlobalSection
	GlobalSection(ExtensibilityGlobals) = postSolution
		SolutionGuid = {9C8CB20B-7C91-4371-A93C-6A92EC9C25C2}
	EndGlobalSection
EndGlobal
