
Microsoft Visual Studio Solution File, Format Version 12.00
# Visual Studio Version 17
VisualStudioVersion = 17.0.32112.339
MinimumVisualStudioVersion = 10.0.40219.1
Project("{FAE04EC0-301F-11D3-BF4B-00C04F79EFBC}") = "01. Randomize Words", "01. Randomize Words\01. Randomize Words.csproj", "{B0854A9D-6E7E-4ED6-B90A-2292E13169B8}"
EndProject
Project("{FAE04EC0-301F-11D3-BF4B-00C04F79EFBC}") = "02. Big Factorial", "02. Big Factorial\02. Big Factorial.csproj", "{CD0A5545-B3AB-4FF4-AFAA-F4E48A5C7216}"
EndProject
Project("{FAE04EC0-301F-11D3-BF4B-00C04F79EFBC}") = "03. Songs", "03. Songs\03. Songs.csproj", "{2BD70D65-1069-4266-90AB-2ACB9CE7E804}"
EndProject
Project("{FAE04EC0-301F-11D3-BF4B-00C04F79EFBC}") = "04. Students", "04. Students\04. Students.csproj", "{8085CEF3-ABA4-4AD6-AD33-4F25BCFF94D3}"
EndProject
Project("{FAE04EC0-301F-11D3-BF4B-00C04F79EFBC}") = "05. Students 2.0", "05. Students 2.0\05. Students 2.0.csproj", "{C73B2098-8A28-4909-B512-E73037EED8E7}"
EndProject
Project("{FAE04EC0-301F-11D3-BF4B-00C04F79EFBC}") = "06. Store Boxes", "06. Store Boxes\06. Store Boxes.csproj", "{38520D82-7D1F-4E48-BC26-BCEC74DB6170}"
EndProject
Global
	GlobalSection(SolutionConfigurationPlatforms) = preSolution
		Debug|Any CPU = Debug|Any CPU
		Release|Any CPU = Release|Any CPU
	EndGlobalSection
	GlobalSection(ProjectConfigurationPlatforms) = postSolution
		{B0854A9D-6E7E-4ED6-B90A-2292E13169B8}.Debug|Any CPU.ActiveCfg = Debug|Any CPU
		{B0854A9D-6E7E-4ED6-B90A-2292E13169B8}.Debug|Any CPU.Build.0 = Debug|Any CPU
		{B0854A9D-6E7E-4ED6-B90A-2292E13169B8}.Release|Any CPU.ActiveCfg = Release|Any CPU
		{B0854A9D-6E7E-4ED6-B90A-2292E13169B8}.Release|Any CPU.Build.0 = Release|Any CPU
		{CD0A5545-B3AB-4FF4-AFAA-F4E48A5C7216}.Debug|Any CPU.ActiveCfg = Debug|Any CPU
		{CD0A5545-B3AB-4FF4-AFAA-F4E48A5C7216}.Debug|Any CPU.Build.0 = Debug|Any CPU
		{CD0A5545-B3AB-4FF4-AFAA-F4E48A5C7216}.Release|Any CPU.ActiveCfg = Release|Any CPU
		{CD0A5545-B3AB-4FF4-AFAA-F4E48A5C7216}.Release|Any CPU.Build.0 = Release|Any CPU
		{2BD70D65-1069-4266-90AB-2ACB9CE7E804}.Debug|Any CPU.ActiveCfg = Debug|Any CPU
		{2BD70D65-1069-4266-90AB-2ACB9CE7E804}.Debug|Any CPU.Build.0 = Debug|Any CPU
		{2BD70D65-1069-4266-90AB-2ACB9CE7E804}.Release|Any CPU.ActiveCfg = Release|Any CPU
		{2BD70D65-1069-4266-90AB-2ACB9CE7E804}.Release|Any CPU.Build.0 = Release|Any CPU
		{8085CEF3-ABA4-4AD6-AD33-4F25BCFF94D3}.Debug|Any CPU.ActiveCfg = Debug|Any CPU
		{8085CEF3-ABA4-4AD6-AD33-4F25BCFF94D3}.Debug|Any CPU.Build.0 = Debug|Any CPU
		{8085CEF3-ABA4-4AD6-AD33-4F25BCFF94D3}.Release|Any CPU.ActiveCfg = Release|Any CPU
		{8085CEF3-ABA4-4AD6-AD33-4F25BCFF94D3}.Release|Any CPU.Build.0 = Release|Any CPU
		{C73B2098-8A28-4909-B512-E73037EED8E7}.Debug|Any CPU.ActiveCfg = Debug|Any CPU
		{C73B2098-8A28-4909-B512-E73037EED8E7}.Debug|Any CPU.Build.0 = Debug|Any CPU
		{C73B2098-8A28-4909-B512-E73037EED8E7}.Release|Any CPU.ActiveCfg = Release|Any CPU
		{C73B2098-8A28-4909-B512-E73037EED8E7}.Release|Any CPU.Build.0 = Release|Any CPU
		{38520D82-7D1F-4E48-BC26-BCEC74DB6170}.Debug|Any CPU.ActiveCfg = Debug|Any CPU
		{38520D82-7D1F-4E48-BC26-BCEC74DB6170}.Debug|Any CPU.Build.0 = Debug|Any CPU
		{38520D82-7D1F-4E48-BC26-BCEC74DB6170}.Release|Any CPU.ActiveCfg = Release|Any CPU
		{38520D82-7D1F-4E48-BC26-BCEC74DB6170}.Release|Any CPU.Build.0 = Release|Any CPU
	EndGlobalSection
	GlobalSection(SolutionProperties) = preSolution
		HideSolutionNode = FALSE
	EndGlobalSection
	GlobalSection(ExtensibilityGlobals) = postSolution
		SolutionGuid = {8D01E715-D50B-4198-8020-179F9CEBA116}
	EndGlobalSection
EndGlobal
