
Microsoft Visual Studio Solution File, Format Version 12.00
# Visual Studio Version 17
VisualStudioVersion = 17.0.32112.339
MinimumVisualStudioVersion = 10.0.40219.1
Project("{FAE04EC0-301F-11D3-BF4B-00C04F79EFBC}") = "01. Count Same Values in Array", "01. Count Same Values in Array\01. Count Same Values in Array.csproj", "{4DAD8D08-1991-4216-99F1-09067DC41363}"
EndProject
Project("{FAE04EC0-301F-11D3-BF4B-00C04F79EFBC}") = "02. Average Student Grades", "02. Average Student Grades\02. Average Student Grades.csproj", "{BA9C291D-C8D2-4A8F-BAF7-D2B344296C1A}"
EndProject
Project("{FAE04EC0-301F-11D3-BF4B-00C04F79EFBC}") = "03. Largest 3 Numbers", "03. Largest 3 Numbers\03. Largest 3 Numbers.csproj", "{77BAC3E7-6746-48E1-85F6-1A89B9B17490}"
EndProject
Project("{FAE04EC0-301F-11D3-BF4B-00C04F79EFBC}") = "04. Product Shop", "04. Product Shop\04. Product Shop.csproj", "{8DA45E1F-E1CE-414B-91B1-9F08A8A0E61D}"
EndProject
Global
	GlobalSection(SolutionConfigurationPlatforms) = preSolution
		Debug|Any CPU = Debug|Any CPU
		Release|Any CPU = Release|Any CPU
	EndGlobalSection
	GlobalSection(ProjectConfigurationPlatforms) = postSolution
		{4DAD8D08-1991-4216-99F1-09067DC41363}.Debug|Any CPU.ActiveCfg = Debug|Any CPU
		{4DAD8D08-1991-4216-99F1-09067DC41363}.Debug|Any CPU.Build.0 = Debug|Any CPU
		{4DAD8D08-1991-4216-99F1-09067DC41363}.Release|Any CPU.ActiveCfg = Release|Any CPU
		{4DAD8D08-1991-4216-99F1-09067DC41363}.Release|Any CPU.Build.0 = Release|Any CPU
		{BA9C291D-C8D2-4A8F-BAF7-D2B344296C1A}.Debug|Any CPU.ActiveCfg = Debug|Any CPU
		{BA9C291D-C8D2-4A8F-BAF7-D2B344296C1A}.Debug|Any CPU.Build.0 = Debug|Any CPU
		{BA9C291D-C8D2-4A8F-BAF7-D2B344296C1A}.Release|Any CPU.ActiveCfg = Release|Any CPU
		{BA9C291D-C8D2-4A8F-BAF7-D2B344296C1A}.Release|Any CPU.Build.0 = Release|Any CPU
		{77BAC3E7-6746-48E1-85F6-1A89B9B17490}.Debug|Any CPU.ActiveCfg = Debug|Any CPU
		{77BAC3E7-6746-48E1-85F6-1A89B9B17490}.Debug|Any CPU.Build.0 = Debug|Any CPU
		{77BAC3E7-6746-48E1-85F6-1A89B9B17490}.Release|Any CPU.ActiveCfg = Release|Any CPU
		{77BAC3E7-6746-48E1-85F6-1A89B9B17490}.Release|Any CPU.Build.0 = Release|Any CPU
		{8DA45E1F-E1CE-414B-91B1-9F08A8A0E61D}.Debug|Any CPU.ActiveCfg = Debug|Any CPU
		{8DA45E1F-E1CE-414B-91B1-9F08A8A0E61D}.Debug|Any CPU.Build.0 = Debug|Any CPU
		{8DA45E1F-E1CE-414B-91B1-9F08A8A0E61D}.Release|Any CPU.ActiveCfg = Release|Any CPU
		{8DA45E1F-E1CE-414B-91B1-9F08A8A0E61D}.Release|Any CPU.Build.0 = Release|Any CPU
	EndGlobalSection
	GlobalSection(SolutionProperties) = preSolution
		HideSolutionNode = FALSE
	EndGlobalSection
	GlobalSection(ExtensibilityGlobals) = postSolution
		SolutionGuid = {92629EDE-1FB5-4436-AEB2-B150E5681C71}
	EndGlobalSection
EndGlobal
