
Microsoft Visual Studio Solution File, Format Version 12.00
# Visual Studio Version 17
VisualStudioVersion = 17.0.32112.339
MinimumVisualStudioVersion = 10.0.40219.1
Project("{9A19103F-16F7-4668-BE54-9A1E7A4F7556}") = "01. Student Information", "01. Student Information\01. Student Information.csproj", "{AB9E5EBC-54CE-40E3-AF73-C397A423B3F8}"
EndProject
Project("{9A19103F-16F7-4668-BE54-9A1E7A4F7556}") = "02. Passed", "02. Passed\02. Passed.csproj", "{94EB2442-346D-46FD-931C-49A4ACC7C5D3}"
EndProject
Project("{9A19103F-16F7-4668-BE54-9A1E7A4F7556}") = "03. PassOrFail", "03. PassOrFail\03. PassOrFail.csproj", "{34AC5186-6E8E-40C0-B039-59785A4756AF}"
EndProject
Project("{9A19103F-16F7-4668-BE54-9A1E7A4F7556}") = "04. Back", "04. Back\04. Back.csproj", "{99B33976-332B-46A7-B653-67079F2A8F27}"
EndProject
Project("{9A19103F-16F7-4668-BE54-9A1E7A4F7556}") = "05. Month", "05. Month\05. Month.csproj", "{98CF8507-E800-44A6-90D5-7B2DC31CA3BD}"
EndProject
Project("{9A19103F-16F7-4668-BE54-9A1E7A4F7556}") = "06. Languages", "06. Languages\06. Languages.csproj", "{1DF15814-BAA2-4903-93D2-E311B5CD932F}"
EndProject
Project("{9A19103F-16F7-4668-BE54-9A1E7A4F7556}") = "07. Promotion", "07. Promotion\07. Promotion.csproj", "{D961C152-F2D4-4E02-AD62-7E6BB6E23E33}"
EndProject
Project("{9A19103F-16F7-4668-BE54-9A1E7A4F7556}") = "08. Divisible", "08. Divisible\08. Divisible.csproj", "{35C0F680-7540-4FFB-85FC-F7CBD3CD067C}"
EndProject
Project("{9A19103F-16F7-4668-BE54-9A1E7A4F7556}") = "09. Sum", "09. Sum\09. Sum.csproj", "{C3B1DB2A-F0A9-46A6-938F-977CB3695F79}"
EndProject
Project("{FAE04EC0-301F-11D3-BF4B-00C04F79EFBC}") = "10. Table", "10. Table\10. Table.csproj", "{2F8ADA54-BE2B-4519-9F38-32C890832A7A}"
EndProject
Project("{FAE04EC0-301F-11D3-BF4B-00C04F79EFBC}") = "Table 2.0", "Table 2.0\Table 2.0.csproj", "{374F6CC1-F62F-419D-AA15-BECD9C93E1C1}"
EndProject
Project("{FAE04EC0-301F-11D3-BF4B-00C04F79EFBC}") = "12. Even Number", "12. Even Number\12. Even Number.csproj", "{D33C14E9-726C-40ED-A807-308185671BEC}"
EndProject
Project("{FAE04EC0-301F-11D3-BF4B-00C04F79EFBC}") = "13. Holidays", "13. Holidays\13. Holidays.csproj", "{C7F172A3-4B63-40C2-B3A3-C961CDC47F4A}"
EndProject
Global
	GlobalSection(SolutionConfigurationPlatforms) = preSolution
		Debug|Any CPU = Debug|Any CPU
		Release|Any CPU = Release|Any CPU
	EndGlobalSection
	GlobalSection(ProjectConfigurationPlatforms) = postSolution
		{AB9E5EBC-54CE-40E3-AF73-C397A423B3F8}.Debug|Any CPU.ActiveCfg = Debug|Any CPU
		{AB9E5EBC-54CE-40E3-AF73-C397A423B3F8}.Debug|Any CPU.Build.0 = Debug|Any CPU
		{AB9E5EBC-54CE-40E3-AF73-C397A423B3F8}.Release|Any CPU.ActiveCfg = Release|Any CPU
		{AB9E5EBC-54CE-40E3-AF73-C397A423B3F8}.Release|Any CPU.Build.0 = Release|Any CPU
		{94EB2442-346D-46FD-931C-49A4ACC7C5D3}.Debug|Any CPU.ActiveCfg = Debug|Any CPU
		{94EB2442-346D-46FD-931C-49A4ACC7C5D3}.Debug|Any CPU.Build.0 = Debug|Any CPU
		{94EB2442-346D-46FD-931C-49A4ACC7C5D3}.Release|Any CPU.ActiveCfg = Release|Any CPU
		{94EB2442-346D-46FD-931C-49A4ACC7C5D3}.Release|Any CPU.Build.0 = Release|Any CPU
		{34AC5186-6E8E-40C0-B039-59785A4756AF}.Debug|Any CPU.ActiveCfg = Debug|Any CPU
		{34AC5186-6E8E-40C0-B039-59785A4756AF}.Debug|Any CPU.Build.0 = Debug|Any CPU
		{34AC5186-6E8E-40C0-B039-59785A4756AF}.Release|Any CPU.ActiveCfg = Release|Any CPU
		{34AC5186-6E8E-40C0-B039-59785A4756AF}.Release|Any CPU.Build.0 = Release|Any CPU
		{99B33976-332B-46A7-B653-67079F2A8F27}.Debug|Any CPU.ActiveCfg = Debug|Any CPU
		{99B33976-332B-46A7-B653-67079F2A8F27}.Debug|Any CPU.Build.0 = Debug|Any CPU
		{99B33976-332B-46A7-B653-67079F2A8F27}.Release|Any CPU.ActiveCfg = Release|Any CPU
		{99B33976-332B-46A7-B653-67079F2A8F27}.Release|Any CPU.Build.0 = Release|Any CPU
		{98CF8507-E800-44A6-90D5-7B2DC31CA3BD}.Debug|Any CPU.ActiveCfg = Debug|Any CPU
		{98CF8507-E800-44A6-90D5-7B2DC31CA3BD}.Debug|Any CPU.Build.0 = Debug|Any CPU
		{98CF8507-E800-44A6-90D5-7B2DC31CA3BD}.Release|Any CPU.ActiveCfg = Release|Any CPU
		{98CF8507-E800-44A6-90D5-7B2DC31CA3BD}.Release|Any CPU.Build.0 = Release|Any CPU
		{1DF15814-BAA2-4903-93D2-E311B5CD932F}.Debug|Any CPU.ActiveCfg = Debug|Any CPU
		{1DF15814-BAA2-4903-93D2-E311B5CD932F}.Debug|Any CPU.Build.0 = Debug|Any CPU
		{1DF15814-BAA2-4903-93D2-E311B5CD932F}.Release|Any CPU.ActiveCfg = Release|Any CPU
		{1DF15814-BAA2-4903-93D2-E311B5CD932F}.Release|Any CPU.Build.0 = Release|Any CPU
		{D961C152-F2D4-4E02-AD62-7E6BB6E23E33}.Debug|Any CPU.ActiveCfg = Debug|Any CPU
		{D961C152-F2D4-4E02-AD62-7E6BB6E23E33}.Debug|Any CPU.Build.0 = Debug|Any CPU
		{D961C152-F2D4-4E02-AD62-7E6BB6E23E33}.Release|Any CPU.ActiveCfg = Release|Any CPU
		{D961C152-F2D4-4E02-AD62-7E6BB6E23E33}.Release|Any CPU.Build.0 = Release|Any CPU
		{35C0F680-7540-4FFB-85FC-F7CBD3CD067C}.Debug|Any CPU.ActiveCfg = Debug|Any CPU
		{35C0F680-7540-4FFB-85FC-F7CBD3CD067C}.Debug|Any CPU.Build.0 = Debug|Any CPU
		{35C0F680-7540-4FFB-85FC-F7CBD3CD067C}.Release|Any CPU.ActiveCfg = Release|Any CPU
		{35C0F680-7540-4FFB-85FC-F7CBD3CD067C}.Release|Any CPU.Build.0 = Release|Any CPU
		{C3B1DB2A-F0A9-46A6-938F-977CB3695F79}.Debug|Any CPU.ActiveCfg = Debug|Any CPU
		{C3B1DB2A-F0A9-46A6-938F-977CB3695F79}.Debug|Any CPU.Build.0 = Debug|Any CPU
		{C3B1DB2A-F0A9-46A6-938F-977CB3695F79}.Release|Any CPU.ActiveCfg = Release|Any CPU
		{C3B1DB2A-F0A9-46A6-938F-977CB3695F79}.Release|Any CPU.Build.0 = Release|Any CPU
		{2F8ADA54-BE2B-4519-9F38-32C890832A7A}.Debug|Any CPU.ActiveCfg = Debug|Any CPU
		{2F8ADA54-BE2B-4519-9F38-32C890832A7A}.Debug|Any CPU.Build.0 = Debug|Any CPU
		{2F8ADA54-BE2B-4519-9F38-32C890832A7A}.Release|Any CPU.ActiveCfg = Release|Any CPU
		{2F8ADA54-BE2B-4519-9F38-32C890832A7A}.Release|Any CPU.Build.0 = Release|Any CPU
		{374F6CC1-F62F-419D-AA15-BECD9C93E1C1}.Debug|Any CPU.ActiveCfg = Debug|Any CPU
		{374F6CC1-F62F-419D-AA15-BECD9C93E1C1}.Debug|Any CPU.Build.0 = Debug|Any CPU
		{374F6CC1-F62F-419D-AA15-BECD9C93E1C1}.Release|Any CPU.ActiveCfg = Release|Any CPU
		{374F6CC1-F62F-419D-AA15-BECD9C93E1C1}.Release|Any CPU.Build.0 = Release|Any CPU
		{D33C14E9-726C-40ED-A807-308185671BEC}.Debug|Any CPU.ActiveCfg = Debug|Any CPU
		{D33C14E9-726C-40ED-A807-308185671BEC}.Debug|Any CPU.Build.0 = Debug|Any CPU
		{D33C14E9-726C-40ED-A807-308185671BEC}.Release|Any CPU.ActiveCfg = Release|Any CPU
		{D33C14E9-726C-40ED-A807-308185671BEC}.Release|Any CPU.Build.0 = Release|Any CPU
		{C7F172A3-4B63-40C2-B3A3-C961CDC47F4A}.Debug|Any CPU.ActiveCfg = Debug|Any CPU
		{C7F172A3-4B63-40C2-B3A3-C961CDC47F4A}.Debug|Any CPU.Build.0 = Debug|Any CPU
		{C7F172A3-4B63-40C2-B3A3-C961CDC47F4A}.Release|Any CPU.ActiveCfg = Release|Any CPU
		{C7F172A3-4B63-40C2-B3A3-C961CDC47F4A}.Release|Any CPU.Build.0 = Release|Any CPU
	EndGlobalSection
	GlobalSection(SolutionProperties) = preSolution
		HideSolutionNode = FALSE
	EndGlobalSection
	GlobalSection(ExtensibilityGlobals) = postSolution
		SolutionGuid = {56029EB9-B1B2-4075-9DAF-AB5CCDB016F1}
	EndGlobalSection
EndGlobal
