
Microsoft Visual Studio Solution File, Format Version 12.00
# Visual Studio Version 17
VisualStudioVersion = 17.0.32112.339
MinimumVisualStudioVersion = 10.0.40219.1
Project("{9A19103F-16F7-4668-BE54-9A1E7A4F7556}") = "01. Integer Operations", "01. Integer Operations\01. Integer Operations.csproj", "{3EB406FA-F343-4C4A-99EF-9DFDF84D0FAC}"
EndProject
Project("{9A19103F-16F7-4668-BE54-9A1E7A4F7556}") = "02. Sum Digits", "02. Sum Digits\02. Sum Digits.csproj", "{96584CB1-D478-4ADF-83CD-92F1984A845A}"
EndProject
Project("{9A19103F-16F7-4668-BE54-9A1E7A4F7556}") = "03. Elevator", "03. Elevator\03. Elevator.csproj", "{39B4D40B-FBA7-4A65-9148-345CEA3A5830}"
EndProject
Project("{9A19103F-16F7-4668-BE54-9A1E7A4F7556}") = "04. Sum of Chars", "04. Sum of Chars\04. Sum of Chars.csproj", "{AFB76B07-ADCA-4BBD-832E-999B89B7421C}"
EndProject
Project("{9A19103F-16F7-4668-BE54-9A1E7A4F7556}") = "05. Print Part Of ASCII Table", "05. Print Part Of ASCII Table\05. Print Part Of ASCII Table.csproj", "{F2E15A29-BBA0-4FB0-8910-BC322297C50B}"
EndProject
Project("{9A19103F-16F7-4668-BE54-9A1E7A4F7556}") = "06. Triples of Latin Letters", "06. Triples of Latin Letters\06. Triples of Latin Letters.csproj", "{019E080B-5E8F-433D-B2D0-568BE10FCCBF}"
EndProject
Project("{9A19103F-16F7-4668-BE54-9A1E7A4F7556}") = "07. Water Overflow", "07. Water Overflow\07. Water Overflow.csproj", "{583CD13B-DAC0-4EB9-BFB9-E8EB2023D3C5}"
EndProject
Project("{9A19103F-16F7-4668-BE54-9A1E7A4F7556}") = "08. Beer Kegs", "08. Beer Kegs\08. Beer Kegs.csproj", "{6D384738-B3B2-45F0-ABFF-AC985F8456E2}"
EndProject
Global
	GlobalSection(SolutionConfigurationPlatforms) = preSolution
		Debug|Any CPU = Debug|Any CPU
		Release|Any CPU = Release|Any CPU
	EndGlobalSection
	GlobalSection(ProjectConfigurationPlatforms) = postSolution
		{3EB406FA-F343-4C4A-99EF-9DFDF84D0FAC}.Debug|Any CPU.ActiveCfg = Debug|Any CPU
		{3EB406FA-F343-4C4A-99EF-9DFDF84D0FAC}.Debug|Any CPU.Build.0 = Debug|Any CPU
		{3EB406FA-F343-4C4A-99EF-9DFDF84D0FAC}.Release|Any CPU.ActiveCfg = Release|Any CPU
		{3EB406FA-F343-4C4A-99EF-9DFDF84D0FAC}.Release|Any CPU.Build.0 = Release|Any CPU
		{96584CB1-D478-4ADF-83CD-92F1984A845A}.Debug|Any CPU.ActiveCfg = Debug|Any CPU
		{96584CB1-D478-4ADF-83CD-92F1984A845A}.Debug|Any CPU.Build.0 = Debug|Any CPU
		{96584CB1-D478-4ADF-83CD-92F1984A845A}.Release|Any CPU.ActiveCfg = Release|Any CPU
		{96584CB1-D478-4ADF-83CD-92F1984A845A}.Release|Any CPU.Build.0 = Release|Any CPU
		{39B4D40B-FBA7-4A65-9148-345CEA3A5830}.Debug|Any CPU.ActiveCfg = Debug|Any CPU
		{39B4D40B-FBA7-4A65-9148-345CEA3A5830}.Debug|Any CPU.Build.0 = Debug|Any CPU
		{39B4D40B-FBA7-4A65-9148-345CEA3A5830}.Release|Any CPU.ActiveCfg = Release|Any CPU
		{39B4D40B-FBA7-4A65-9148-345CEA3A5830}.Release|Any CPU.Build.0 = Release|Any CPU
		{AFB76B07-ADCA-4BBD-832E-999B89B7421C}.Debug|Any CPU.ActiveCfg = Debug|Any CPU
		{AFB76B07-ADCA-4BBD-832E-999B89B7421C}.Debug|Any CPU.Build.0 = Debug|Any CPU
		{AFB76B07-ADCA-4BBD-832E-999B89B7421C}.Release|Any CPU.ActiveCfg = Release|Any CPU
		{AFB76B07-ADCA-4BBD-832E-999B89B7421C}.Release|Any CPU.Build.0 = Release|Any CPU
		{F2E15A29-BBA0-4FB0-8910-BC322297C50B}.Debug|Any CPU.ActiveCfg = Debug|Any CPU
		{F2E15A29-BBA0-4FB0-8910-BC322297C50B}.Debug|Any CPU.Build.0 = Debug|Any CPU
		{F2E15A29-BBA0-4FB0-8910-BC322297C50B}.Release|Any CPU.ActiveCfg = Release|Any CPU
		{F2E15A29-BBA0-4FB0-8910-BC322297C50B}.Release|Any CPU.Build.0 = Release|Any CPU
		{019E080B-5E8F-433D-B2D0-568BE10FCCBF}.Debug|Any CPU.ActiveCfg = Debug|Any CPU
		{019E080B-5E8F-433D-B2D0-568BE10FCCBF}.Debug|Any CPU.Build.0 = Debug|Any CPU
		{019E080B-5E8F-433D-B2D0-568BE10FCCBF}.Release|Any CPU.ActiveCfg = Release|Any CPU
		{019E080B-5E8F-433D-B2D0-568BE10FCCBF}.Release|Any CPU.Build.0 = Release|Any CPU
		{583CD13B-DAC0-4EB9-BFB9-E8EB2023D3C5}.Debug|Any CPU.ActiveCfg = Debug|Any CPU
		{583CD13B-DAC0-4EB9-BFB9-E8EB2023D3C5}.Debug|Any CPU.Build.0 = Debug|Any CPU
		{583CD13B-DAC0-4EB9-BFB9-E8EB2023D3C5}.Release|Any CPU.ActiveCfg = Release|Any CPU
		{583CD13B-DAC0-4EB9-BFB9-E8EB2023D3C5}.Release|Any CPU.Build.0 = Release|Any CPU
		{6D384738-B3B2-45F0-ABFF-AC985F8456E2}.Debug|Any CPU.ActiveCfg = Debug|Any CPU
		{6D384738-B3B2-45F0-ABFF-AC985F8456E2}.Debug|Any CPU.Build.0 = Debug|Any CPU
		{6D384738-B3B2-45F0-ABFF-AC985F8456E2}.Release|Any CPU.ActiveCfg = Release|Any CPU
		{6D384738-B3B2-45F0-ABFF-AC985F8456E2}.Release|Any CPU.Build.0 = Release|Any CPU
	EndGlobalSection
	GlobalSection(SolutionProperties) = preSolution
		HideSolutionNode = FALSE
	EndGlobalSection
	GlobalSection(ExtensibilityGlobals) = postSolution
		SolutionGuid = {7293F42F-9716-44B8-9AC0-313B9C46DA9A}
	EndGlobalSection
EndGlobal
