
Microsoft Visual Studio Solution File, Format Version 12.00
# Visual Studio Version 17
VisualStudioVersion = 17.0.32112.339
MinimumVisualStudioVersion = 10.0.40219.1
Project("{9A19103F-16F7-4668-BE54-9A1E7A4F7556}") = "01. Basic Stack Operations", "01. Basic Stack Operations\01. Basic Stack Operations.csproj", "{5F26FDFD-EFBF-4999-9B92-C47EF39A3523}"
EndProject
Project("{9A19103F-16F7-4668-BE54-9A1E7A4F7556}") = "02. Basic Queue Operations", "02. Basic Queue Operations\02. Basic Queue Operations.csproj", "{00B9CDD5-7733-4984-AC4B-6E65ED6E3CF0}"
EndProject
Project("{9A19103F-16F7-4668-BE54-9A1E7A4F7556}") = "03. Maximum and Minimum Element", "03. Maximum and Minimum Element\03. Maximum and Minimum Element.csproj", "{453C6F4C-4561-4CD8-86A5-B2710924796D}"
EndProject
Project("{9A19103F-16F7-4668-BE54-9A1E7A4F7556}") = "04. Fast Food", "04. Fast Food\04. Fast Food.csproj", "{3A8E7D93-3EA5-43B9-BFD4-10951DAF29DE}"
EndProject
Project("{9A19103F-16F7-4668-BE54-9A1E7A4F7556}") = "05. Fashion Boutique", "05. Fashion Boutique\05. Fashion Boutique.csproj", "{1FB60044-FD49-4182-B72E-0B275C73FCEF}"
EndProject
Project("{FAE04EC0-301F-11D3-BF4B-00C04F79EFBC}") = "6. Songs Queue", "6. Songs Queue\6. Songs Queue.csproj", "{95368003-8563-4DB0-A4B9-3C75F2DA475A}"
EndProject
Project("{FAE04EC0-301F-11D3-BF4B-00C04F79EFBC}") = "07. Truck Tour", "07. Truck Tour\07. Truck Tour.csproj", "{76163057-DDC1-429F-96A4-6E4548FB4C42}"
EndProject
Global
	GlobalSection(SolutionConfigurationPlatforms) = preSolution
		Debug|Any CPU = Debug|Any CPU
		Release|Any CPU = Release|Any CPU
	EndGlobalSection
	GlobalSection(ProjectConfigurationPlatforms) = postSolution
		{5F26FDFD-EFBF-4999-9B92-C47EF39A3523}.Debug|Any CPU.ActiveCfg = Debug|Any CPU
		{5F26FDFD-EFBF-4999-9B92-C47EF39A3523}.Debug|Any CPU.Build.0 = Debug|Any CPU
		{5F26FDFD-EFBF-4999-9B92-C47EF39A3523}.Release|Any CPU.ActiveCfg = Release|Any CPU
		{5F26FDFD-EFBF-4999-9B92-C47EF39A3523}.Release|Any CPU.Build.0 = Release|Any CPU
		{00B9CDD5-7733-4984-AC4B-6E65ED6E3CF0}.Debug|Any CPU.ActiveCfg = Debug|Any CPU
		{00B9CDD5-7733-4984-AC4B-6E65ED6E3CF0}.Debug|Any CPU.Build.0 = Debug|Any CPU
		{00B9CDD5-7733-4984-AC4B-6E65ED6E3CF0}.Release|Any CPU.ActiveCfg = Release|Any CPU
		{00B9CDD5-7733-4984-AC4B-6E65ED6E3CF0}.Release|Any CPU.Build.0 = Release|Any CPU
		{453C6F4C-4561-4CD8-86A5-B2710924796D}.Debug|Any CPU.ActiveCfg = Debug|Any CPU
		{453C6F4C-4561-4CD8-86A5-B2710924796D}.Debug|Any CPU.Build.0 = Debug|Any CPU
		{453C6F4C-4561-4CD8-86A5-B2710924796D}.Release|Any CPU.ActiveCfg = Release|Any CPU
		{453C6F4C-4561-4CD8-86A5-B2710924796D}.Release|Any CPU.Build.0 = Release|Any CPU
		{3A8E7D93-3EA5-43B9-BFD4-10951DAF29DE}.Debug|Any CPU.ActiveCfg = Debug|Any CPU
		{3A8E7D93-3EA5-43B9-BFD4-10951DAF29DE}.Debug|Any CPU.Build.0 = Debug|Any CPU
		{3A8E7D93-3EA5-43B9-BFD4-10951DAF29DE}.Release|Any CPU.ActiveCfg = Release|Any CPU
		{3A8E7D93-3EA5-43B9-BFD4-10951DAF29DE}.Release|Any CPU.Build.0 = Release|Any CPU
		{1FB60044-FD49-4182-B72E-0B275C73FCEF}.Debug|Any CPU.ActiveCfg = Debug|Any CPU
		{1FB60044-FD49-4182-B72E-0B275C73FCEF}.Debug|Any CPU.Build.0 = Debug|Any CPU
		{1FB60044-FD49-4182-B72E-0B275C73FCEF}.Release|Any CPU.ActiveCfg = Release|Any CPU
		{1FB60044-FD49-4182-B72E-0B275C73FCEF}.Release|Any CPU.Build.0 = Release|Any CPU
		{95368003-8563-4DB0-A4B9-3C75F2DA475A}.Debug|Any CPU.ActiveCfg = Debug|Any CPU
		{95368003-8563-4DB0-A4B9-3C75F2DA475A}.Debug|Any CPU.Build.0 = Debug|Any CPU
		{95368003-8563-4DB0-A4B9-3C75F2DA475A}.Release|Any CPU.ActiveCfg = Release|Any CPU
		{95368003-8563-4DB0-A4B9-3C75F2DA475A}.Release|Any CPU.Build.0 = Release|Any CPU
		{76163057-DDC1-429F-96A4-6E4548FB4C42}.Debug|Any CPU.ActiveCfg = Debug|Any CPU
		{76163057-DDC1-429F-96A4-6E4548FB4C42}.Debug|Any CPU.Build.0 = Debug|Any CPU
		{76163057-DDC1-429F-96A4-6E4548FB4C42}.Release|Any CPU.ActiveCfg = Release|Any CPU
		{76163057-DDC1-429F-96A4-6E4548FB4C42}.Release|Any CPU.Build.0 = Release|Any CPU
	EndGlobalSection
	GlobalSection(SolutionProperties) = preSolution
		HideSolutionNode = FALSE
	EndGlobalSection
	GlobalSection(ExtensibilityGlobals) = postSolution
		SolutionGuid = {B6E64498-4C44-406B-A963-2549CE5372C5}
	EndGlobalSection
EndGlobal
