
Microsoft Visual Studio Solution File, Format Version 12.00
# Visual Studio Version 17
VisualStudioVersion = 17.0.32112.339
MinimumVisualStudioVersion = 10.0.40219.1
Project("{FAE04EC0-301F-11D3-BF4B-00C04F79EFBC}") = "01. The Imitation Game", "01. The Imitation Game\01. The Imitation Game.csproj", "{A91092EF-335B-4725-953E-7012C2934ED6}"
EndProject
Project("{FAE04EC0-301F-11D3-BF4B-00C04F79EFBC}") = "02. Destination Mapper", "02. Destination Mapper\02. Destination Mapper.csproj", "{DC73A50C-4269-4F7F-AAA2-3301A1F97F17}"
EndProject
Project("{FAE04EC0-301F-11D3-BF4B-00C04F79EFBC}") = "03. Need for Speed III", "03. Need for Speed III\03. Need for Speed III.csproj", "{C9CB5151-DA17-4DB5-B50E-000262BA0850}"
EndProject
Global
	GlobalSection(SolutionConfigurationPlatforms) = preSolution
		Debug|Any CPU = Debug|Any CPU
		Release|Any CPU = Release|Any CPU
	EndGlobalSection
	GlobalSection(ProjectConfigurationPlatforms) = postSolution
		{A91092EF-335B-4725-953E-7012C2934ED6}.Debug|Any CPU.ActiveCfg = Debug|Any CPU
		{A91092EF-335B-4725-953E-7012C2934ED6}.Debug|Any CPU.Build.0 = Debug|Any CPU
		{A91092EF-335B-4725-953E-7012C2934ED6}.Release|Any CPU.ActiveCfg = Release|Any CPU
		{A91092EF-335B-4725-953E-7012C2934ED6}.Release|Any CPU.Build.0 = Release|Any CPU
		{DC73A50C-4269-4F7F-AAA2-3301A1F97F17}.Debug|Any CPU.ActiveCfg = Debug|Any CPU
		{DC73A50C-4269-4F7F-AAA2-3301A1F97F17}.Debug|Any CPU.Build.0 = Debug|Any CPU
		{DC73A50C-4269-4F7F-AAA2-3301A1F97F17}.Release|Any CPU.ActiveCfg = Release|Any CPU
		{DC73A50C-4269-4F7F-AAA2-3301A1F97F17}.Release|Any CPU.Build.0 = Release|Any CPU
		{C9CB5151-DA17-4DB5-B50E-000262BA0850}.Debug|Any CPU.ActiveCfg = Debug|Any CPU
		{C9CB5151-DA17-4DB5-B50E-000262BA0850}.Debug|Any CPU.Build.0 = Debug|Any CPU
		{C9CB5151-DA17-4DB5-B50E-000262BA0850}.Release|Any CPU.ActiveCfg = Release|Any CPU
		{C9CB5151-DA17-4DB5-B50E-000262BA0850}.Release|Any CPU.Build.0 = Release|Any CPU
	EndGlobalSection
	GlobalSection(SolutionProperties) = preSolution
		HideSolutionNode = FALSE
	EndGlobalSection
	GlobalSection(ExtensibilityGlobals) = postSolution
		SolutionGuid = {F45458B6-FAA1-4E05-A62F-CF8E5EEC74B8}
	EndGlobalSection
EndGlobal
