
Microsoft Visual Studio Solution File, Format Version 12.00
# Visual Studio Version 17
VisualStudioVersion = 17.6.33801.468
MinimumVisualStudioVersion = 10.0.40219.1
Project("{FAE04EC0-301F-11D3-BF4B-00C04F79EFBC}") = "Shapes", "Shapes\Shapes.csproj", "{CF0F49EC-AA1B-4667-B805-CBE63A5AB526}"
EndProject
Project("{FAE04EC0-301F-11D3-BF4B-00C04F79EFBC}") = "Cars", "Cars\Cars.csproj", "{9656C7A0-164F-4E94-BE17-3522BC66016C}"
EndProject
Project("{FAE04EC0-301F-11D3-BF4B-00C04F79EFBC}") = "PersonInfo", "PersonInfo\PersonInfo.csproj", "{09A5DB1F-098E-4B09-96D2-1FEBAE898CDE}"
EndProject
Project("{FAE04EC0-301F-11D3-BF4B-00C04F79EFBC}") = "Telephony", "Telephony\Telephony.csproj", "{58D1CDD1-C252-4969-B144-BBA59119C900}"
EndProject
Global
	GlobalSection(SolutionConfigurationPlatforms) = preSolution
		Debug|Any CPU = Debug|Any CPU
		Release|Any CPU = Release|Any CPU
	EndGlobalSection
	GlobalSection(ProjectConfigurationPlatforms) = postSolution
		{CF0F49EC-AA1B-4667-B805-CBE63A5AB526}.Debug|Any CPU.ActiveCfg = Debug|Any CPU
		{CF0F49EC-AA1B-4667-B805-CBE63A5AB526}.Debug|Any CPU.Build.0 = Debug|Any CPU
		{CF0F49EC-AA1B-4667-B805-CBE63A5AB526}.Release|Any CPU.ActiveCfg = Release|Any CPU
		{CF0F49EC-AA1B-4667-B805-CBE63A5AB526}.Release|Any CPU.Build.0 = Release|Any CPU
		{9656C7A0-164F-4E94-BE17-3522BC66016C}.Debug|Any CPU.ActiveCfg = Debug|Any CPU
		{9656C7A0-164F-4E94-BE17-3522BC66016C}.Debug|Any CPU.Build.0 = Debug|Any CPU
		{9656C7A0-164F-4E94-BE17-3522BC66016C}.Release|Any CPU.ActiveCfg = Release|Any CPU
		{9656C7A0-164F-4E94-BE17-3522BC66016C}.Release|Any CPU.Build.0 = Release|Any CPU
		{09A5DB1F-098E-4B09-96D2-1FEBAE898CDE}.Debug|Any CPU.ActiveCfg = Debug|Any CPU
		{09A5DB1F-098E-4B09-96D2-1FEBAE898CDE}.Debug|Any CPU.Build.0 = Debug|Any CPU
		{09A5DB1F-098E-4B09-96D2-1FEBAE898CDE}.Release|Any CPU.ActiveCfg = Release|Any CPU
		{09A5DB1F-098E-4B09-96D2-1FEBAE898CDE}.Release|Any CPU.Build.0 = Release|Any CPU
		{58D1CDD1-C252-4969-B144-BBA59119C900}.Debug|Any CPU.ActiveCfg = Debug|Any CPU
		{58D1CDD1-C252-4969-B144-BBA59119C900}.Debug|Any CPU.Build.0 = Debug|Any CPU
		{58D1CDD1-C252-4969-B144-BBA59119C900}.Release|Any CPU.ActiveCfg = Release|Any CPU
		{58D1CDD1-C252-4969-B144-BBA59119C900}.Release|Any CPU.Build.0 = Release|Any CPU
	EndGlobalSection
	GlobalSection(SolutionProperties) = preSolution
		HideSolutionNode = FALSE
	EndGlobalSection
	GlobalSection(ExtensibilityGlobals) = postSolution
		SolutionGuid = {0707AF04-2B19-4BF2-947B-AA83CEA259C0}
	EndGlobalSection
EndGlobal
