
Microsoft Visual Studio Solution File, Format Version 12.00
# Visual Studio Version 17
VisualStudioVersion = 17.0.32112.339
MinimumVisualStudioVersion = 10.0.40219.1
Project("{9A19103F-16F7-4668-BE54-9A1E7A4F7556}") = "01. Sort Even Numbers", "01. Sort Even Numbers\01. Sort Even Numbers.csproj", "{187D3F30-AB14-4912-AA5E-B109631C1336}"
EndProject
Project("{FAE04EC0-301F-11D3-BF4B-00C04F79EFBC}") = "02. Sum Numbers", "02. Sum Numbers\02. Sum Numbers.csproj", "{DD749065-0828-49A0-9137-6D904CF2C1AD}"
EndProject
Global
	GlobalSection(SolutionConfigurationPlatforms) = preSolution
		Debug|Any CPU = Debug|Any CPU
		Release|Any CPU = Release|Any CPU
	EndGlobalSection
	GlobalSection(ProjectConfigurationPlatforms) = postSolution
		{187D3F30-AB14-4912-AA5E-B109631C1336}.Debug|Any CPU.ActiveCfg = Debug|Any CPU
		{187D3F30-AB14-4912-AA5E-B109631C1336}.Debug|Any CPU.Build.0 = Debug|Any CPU
		{187D3F30-AB14-4912-AA5E-B109631C1336}.Release|Any CPU.ActiveCfg = Release|Any CPU
		{187D3F30-AB14-4912-AA5E-B109631C1336}.Release|Any CPU.Build.0 = Release|Any CPU
		{DD749065-0828-49A0-9137-6D904CF2C1AD}.Debug|Any CPU.ActiveCfg = Debug|Any CPU
		{DD749065-0828-49A0-9137-6D904CF2C1AD}.Debug|Any CPU.Build.0 = Debug|Any CPU
		{DD749065-0828-49A0-9137-6D904CF2C1AD}.Release|Any CPU.ActiveCfg = Release|Any CPU
		{DD749065-0828-49A0-9137-6D904CF2C1AD}.Release|Any CPU.Build.0 = Release|Any CPU
	EndGlobalSection
	GlobalSection(SolutionProperties) = preSolution
		HideSolutionNode = FALSE
	EndGlobalSection
	GlobalSection(ExtensibilityGlobals) = postSolution
		SolutionGuid = {C9B3E346-AFCF-4206-95CC-512C8DC9524E}
	EndGlobalSection
EndGlobal
