
Microsoft Visual Studio Solution File, Format Version 12.00
# Visual Studio Version 17
VisualStudioVersion = 17.0.32112.339
MinimumVisualStudioVersion = 10.0.40219.1
Project("{9A19103F-16F7-4668-BE54-9A1E7A4F7556}") = "01. Sort Even Numbers", "01. Sort Even Numbers\01. Sort Even Numbers.csproj", "{187D3F30-AB14-4912-AA5E-B109631C1336}"
EndProject
Project("{FAE04EC0-301F-11D3-BF4B-00C04F79EFBC}") = "02. Sum Numbers", "02. Sum Numbers\02. Sum Numbers.csproj", "{DD749065-0828-49A0-9137-6D904CF2C1AD}"
EndProject
Project("{FAE04EC0-301F-11D3-BF4B-00C04F79EFBC}") = "03. Count Uppercase Words", "03. Count Uppercase Words\03. Count Uppercase Words.csproj", "{0FC6F352-1977-4A4E-8518-2B060E5A5533}"
EndProject
Project("{FAE04EC0-301F-11D3-BF4B-00C04F79EFBC}") = "04. Add VAT", "04. Add VAT\04. Add VAT.csproj", "{D47A6B9D-34AD-4A13-90FC-39E311A02A76}"
EndProject
Project("{FAE04EC0-301F-11D3-BF4B-00C04F79EFBC}") = "05. Filter By Age", "05. Filter By Age\05. Filter By Age.csproj", "{64D5AC99-E92D-434B-8DB0-49131692A922}"
EndProject
Global
	GlobalSection(SolutionConfigurationPlatforms) = preSolution
		Debug|Any CPU = Debug|Any CPU
		Release|Any CPU = Release|Any CPU
	EndGlobalSection
	GlobalSection(ProjectConfigurationPlatforms) = postSolution
		{187D3F30-AB14-4912-AA5E-B109631C1336}.Debug|Any CPU.ActiveCfg = Debug|Any CPU
		{187D3F30-AB14-4912-AA5E-B109631C1336}.Debug|Any CPU.Build.0 = Debug|Any CPU
		{187D3F30-AB14-4912-AA5E-B109631C1336}.Release|Any CPU.ActiveCfg = Release|Any CPU
		{187D3F30-AB14-4912-AA5E-B109631C1336}.Release|Any CPU.Build.0 = Release|Any CPU
		{DD749065-0828-49A0-9137-6D904CF2C1AD}.Debug|Any CPU.ActiveCfg = Debug|Any CPU
		{DD749065-0828-49A0-9137-6D904CF2C1AD}.Debug|Any CPU.Build.0 = Debug|Any CPU
		{DD749065-0828-49A0-9137-6D904CF2C1AD}.Release|Any CPU.ActiveCfg = Release|Any CPU
		{DD749065-0828-49A0-9137-6D904CF2C1AD}.Release|Any CPU.Build.0 = Release|Any CPU
		{0FC6F352-1977-4A4E-8518-2B060E5A5533}.Debug|Any CPU.ActiveCfg = Debug|Any CPU
		{0FC6F352-1977-4A4E-8518-2B060E5A5533}.Debug|Any CPU.Build.0 = Debug|Any CPU
		{0FC6F352-1977-4A4E-8518-2B060E5A5533}.Release|Any CPU.ActiveCfg = Release|Any CPU
		{0FC6F352-1977-4A4E-8518-2B060E5A5533}.Release|Any CPU.Build.0 = Release|Any CPU
		{D47A6B9D-34AD-4A13-90FC-39E311A02A76}.Debug|Any CPU.ActiveCfg = Debug|Any CPU
		{D47A6B9D-34AD-4A13-90FC-39E311A02A76}.Debug|Any CPU.Build.0 = Debug|Any CPU
		{D47A6B9D-34AD-4A13-90FC-39E311A02A76}.Release|Any CPU.ActiveCfg = Release|Any CPU
		{D47A6B9D-34AD-4A13-90FC-39E311A02A76}.Release|Any CPU.Build.0 = Release|Any CPU
		{64D5AC99-E92D-434B-8DB0-49131692A922}.Debug|Any CPU.ActiveCfg = Debug|Any CPU
		{64D5AC99-E92D-434B-8DB0-49131692A922}.Debug|Any CPU.Build.0 = Debug|Any CPU
		{64D5AC99-E92D-434B-8DB0-49131692A922}.Release|Any CPU.ActiveCfg = Release|Any CPU
		{64D5AC99-E92D-434B-8DB0-49131692A922}.Release|Any CPU.Build.0 = Release|Any CPU
	EndGlobalSection
	GlobalSection(SolutionProperties) = preSolution
		HideSolutionNode = FALSE
	EndGlobalSection
	GlobalSection(ExtensibilityGlobals) = postSolution
		SolutionGuid = {C9B3E346-AFCF-4206-95CC-512C8DC9524E}
	EndGlobalSection
EndGlobal
