
Microsoft Visual Studio Solution File, Format Version 12.00
# Visual Studio Version 17
VisualStudioVersion = 17.0.32112.339
MinimumVisualStudioVersion = 10.0.40219.1
Project("{9A19103F-16F7-4668-BE54-9A1E7A4F7556}") = "01. Encrypt, Sort and Print Array", "01. Encrypt, Sort and Print Array\01. Encrypt, Sort and Print Array.csproj", "{60756911-5774-49FD-8B9F-C83721407239}"
EndProject
Project("{9A19103F-16F7-4668-BE54-9A1E7A4F7556}") = "02. Pascal Triangle", "02. Pascal Triangle\02. Pascal Triangle.csproj", "{75BC1F64-20BF-414A-A403-566D331542A9}"
EndProject
Project("{9A19103F-16F7-4668-BE54-9A1E7A4F7556}") = "04. Fold and Sum", "04. Fold and Sum\04. Fold and Sum.csproj", "{4BD86024-61DD-44C8-9AAA-B513C0EFCD7E}"
EndProject
Project("{FAE04EC0-301F-11D3-BF4B-00C04F79EFBC}") = "03. Reverse Array of Integers", "03. Reverse Array of Integers\03. Reverse Array of Integers.csproj", "{4A1B11AF-3DFB-4D69-9E5C-DE939D61FD97}"
EndProject
Project("{FAE04EC0-301F-11D3-BF4B-00C04F79EFBC}") = "05. Last K Numbers Sums", "05. Last K Numbers Sums\05. Last K Numbers Sums.csproj", "{78341DFA-AC4D-4F1E-A1A7-FBB2BF635383}"
EndProject
Project("{FAE04EC0-301F-11D3-BF4B-00C04F79EFBC}") = "06. Triple Sum", "06. Triple Sum\06. Triple Sum.csproj", "{81AB02B6-65AA-487E-BB29-934DA085F189}"
EndProject
Project("{FAE04EC0-301F-11D3-BF4B-00C04F79EFBC}") = "07. Sum Arrays", "07. Sum Arrays\07. Sum Arrays.csproj", "{B875802D-EDF7-4D32-982B-194D408634A8}"
EndProject
Project("{FAE04EC0-301F-11D3-BF4B-00C04F79EFBC}") = "08. Extract Middle Elements", "08. Extract Middle Elements\08. Extract Middle Elements.csproj", "{D85B9709-D297-47BB-B708-ACAA01CBAC87}"
EndProject
Global
	GlobalSection(SolutionConfigurationPlatforms) = preSolution
		Debug|Any CPU = Debug|Any CPU
		Release|Any CPU = Release|Any CPU
	EndGlobalSection
	GlobalSection(ProjectConfigurationPlatforms) = postSolution
		{60756911-5774-49FD-8B9F-C83721407239}.Debug|Any CPU.ActiveCfg = Debug|Any CPU
		{60756911-5774-49FD-8B9F-C83721407239}.Debug|Any CPU.Build.0 = Debug|Any CPU
		{60756911-5774-49FD-8B9F-C83721407239}.Release|Any CPU.ActiveCfg = Release|Any CPU
		{60756911-5774-49FD-8B9F-C83721407239}.Release|Any CPU.Build.0 = Release|Any CPU
		{75BC1F64-20BF-414A-A403-566D331542A9}.Debug|Any CPU.ActiveCfg = Debug|Any CPU
		{75BC1F64-20BF-414A-A403-566D331542A9}.Debug|Any CPU.Build.0 = Debug|Any CPU
		{75BC1F64-20BF-414A-A403-566D331542A9}.Release|Any CPU.ActiveCfg = Release|Any CPU
		{75BC1F64-20BF-414A-A403-566D331542A9}.Release|Any CPU.Build.0 = Release|Any CPU
		{4BD86024-61DD-44C8-9AAA-B513C0EFCD7E}.Debug|Any CPU.ActiveCfg = Debug|Any CPU
		{4BD86024-61DD-44C8-9AAA-B513C0EFCD7E}.Debug|Any CPU.Build.0 = Debug|Any CPU
		{4BD86024-61DD-44C8-9AAA-B513C0EFCD7E}.Release|Any CPU.ActiveCfg = Release|Any CPU
		{4BD86024-61DD-44C8-9AAA-B513C0EFCD7E}.Release|Any CPU.Build.0 = Release|Any CPU
		{4A1B11AF-3DFB-4D69-9E5C-DE939D61FD97}.Debug|Any CPU.ActiveCfg = Debug|Any CPU
		{4A1B11AF-3DFB-4D69-9E5C-DE939D61FD97}.Debug|Any CPU.Build.0 = Debug|Any CPU
		{4A1B11AF-3DFB-4D69-9E5C-DE939D61FD97}.Release|Any CPU.ActiveCfg = Release|Any CPU
		{4A1B11AF-3DFB-4D69-9E5C-DE939D61FD97}.Release|Any CPU.Build.0 = Release|Any CPU
		{78341DFA-AC4D-4F1E-A1A7-FBB2BF635383}.Debug|Any CPU.ActiveCfg = Debug|Any CPU
		{78341DFA-AC4D-4F1E-A1A7-FBB2BF635383}.Debug|Any CPU.Build.0 = Debug|Any CPU
		{78341DFA-AC4D-4F1E-A1A7-FBB2BF635383}.Release|Any CPU.ActiveCfg = Release|Any CPU
		{78341DFA-AC4D-4F1E-A1A7-FBB2BF635383}.Release|Any CPU.Build.0 = Release|Any CPU
		{81AB02B6-65AA-487E-BB29-934DA085F189}.Debug|Any CPU.ActiveCfg = Debug|Any CPU
		{81AB02B6-65AA-487E-BB29-934DA085F189}.Debug|Any CPU.Build.0 = Debug|Any CPU
		{81AB02B6-65AA-487E-BB29-934DA085F189}.Release|Any CPU.ActiveCfg = Release|Any CPU
		{81AB02B6-65AA-487E-BB29-934DA085F189}.Release|Any CPU.Build.0 = Release|Any CPU
		{B875802D-EDF7-4D32-982B-194D408634A8}.Debug|Any CPU.ActiveCfg = Debug|Any CPU
		{B875802D-EDF7-4D32-982B-194D408634A8}.Debug|Any CPU.Build.0 = Debug|Any CPU
		{B875802D-EDF7-4D32-982B-194D408634A8}.Release|Any CPU.ActiveCfg = Release|Any CPU
		{B875802D-EDF7-4D32-982B-194D408634A8}.Release|Any CPU.Build.0 = Release|Any CPU
		{D85B9709-D297-47BB-B708-ACAA01CBAC87}.Debug|Any CPU.ActiveCfg = Debug|Any CPU
		{D85B9709-D297-47BB-B708-ACAA01CBAC87}.Debug|Any CPU.Build.0 = Debug|Any CPU
		{D85B9709-D297-47BB-B708-ACAA01CBAC87}.Release|Any CPU.ActiveCfg = Release|Any CPU
		{D85B9709-D297-47BB-B708-ACAA01CBAC87}.Release|Any CPU.Build.0 = Release|Any CPU
	EndGlobalSection
	GlobalSection(SolutionProperties) = preSolution
		HideSolutionNode = FALSE
	EndGlobalSection
	GlobalSection(ExtensibilityGlobals) = postSolution
		SolutionGuid = {7973D03F-9A10-456A-8C81-5E103966E0B0}
	EndGlobalSection
EndGlobal
