
Microsoft Visual Studio Solution File, Format Version 12.00
# Visual Studio Version 17
VisualStudioVersion = 17.0.32112.339
MinimumVisualStudioVersion = 10.0.40219.1
Project("{9A19103F-16F7-4668-BE54-9A1E7A4F7556}") = "1. Train", "1. Train\1. Train.csproj", "{1B0ECAAF-1D41-4BF5-80FB-3E21F314E85F}"
EndProject
Project("{9A19103F-16F7-4668-BE54-9A1E7A4F7556}") = "2. Change List", "2. Change List\2. Change List.csproj", "{269AFC58-C510-47ED-ABB8-FEB8EA3DF66C}"
EndProject
Project("{9A19103F-16F7-4668-BE54-9A1E7A4F7556}") = "3. House Party", "3. House Party\3. House Party.csproj", "{7E6AD08D-9FDE-4F1A-BFD9-5B1AA6A1BA57}"
EndProject
Project("{9A19103F-16F7-4668-BE54-9A1E7A4F7556}") = "4. List Operations", "4. List Operations\4. List Operations.csproj", "{407E3ED0-EF42-46A9-ADC1-EACE9DC606E7}"
EndProject
Project("{9A19103F-16F7-4668-BE54-9A1E7A4F7556}") = "6. Cards Game", "6. Cards Game\6. Cards Game.csproj", "{B8C82828-B23D-4114-A5B0-585994C74219}"
EndProject
Project("{9A19103F-16F7-4668-BE54-9A1E7A4F7556}") = "7. Append Arrays", "7. Append Arrays\7. Append Arrays.csproj", "{8C310B70-CCA8-4EEB-BC1A-F454DA075F0D}"
EndProject
Project("{FAE04EC0-301F-11D3-BF4B-00C04F79EFBC}") = "5. Bomb Numbers", "5. Bomb Numbers\5. Bomb Numbers.csproj", "{EAC41224-44BE-4B08-8043-87AA5D39D3C6}"
EndProject
Project("{FAE04EC0-301F-11D3-BF4B-00C04F79EFBC}") = "8. Anonymous Threat", "8. Anonymous Threat\8. Anonymous Threat.csproj", "{76221181-F14D-4C97-96BC-A8CC4F4F48C2}"
EndProject
Global
	GlobalSection(SolutionConfigurationPlatforms) = preSolution
		Debug|Any CPU = Debug|Any CPU
		Release|Any CPU = Release|Any CPU
	EndGlobalSection
	GlobalSection(ProjectConfigurationPlatforms) = postSolution
		{1B0ECAAF-1D41-4BF5-80FB-3E21F314E85F}.Debug|Any CPU.ActiveCfg = Debug|Any CPU
		{1B0ECAAF-1D41-4BF5-80FB-3E21F314E85F}.Debug|Any CPU.Build.0 = Debug|Any CPU
		{1B0ECAAF-1D41-4BF5-80FB-3E21F314E85F}.Release|Any CPU.ActiveCfg = Release|Any CPU
		{1B0ECAAF-1D41-4BF5-80FB-3E21F314E85F}.Release|Any CPU.Build.0 = Release|Any CPU
		{269AFC58-C510-47ED-ABB8-FEB8EA3DF66C}.Debug|Any CPU.ActiveCfg = Debug|Any CPU
		{269AFC58-C510-47ED-ABB8-FEB8EA3DF66C}.Debug|Any CPU.Build.0 = Debug|Any CPU
		{269AFC58-C510-47ED-ABB8-FEB8EA3DF66C}.Release|Any CPU.ActiveCfg = Release|Any CPU
		{269AFC58-C510-47ED-ABB8-FEB8EA3DF66C}.Release|Any CPU.Build.0 = Release|Any CPU
		{7E6AD08D-9FDE-4F1A-BFD9-5B1AA6A1BA57}.Debug|Any CPU.ActiveCfg = Debug|Any CPU
		{7E6AD08D-9FDE-4F1A-BFD9-5B1AA6A1BA57}.Debug|Any CPU.Build.0 = Debug|Any CPU
		{7E6AD08D-9FDE-4F1A-BFD9-5B1AA6A1BA57}.Release|Any CPU.ActiveCfg = Release|Any CPU
		{7E6AD08D-9FDE-4F1A-BFD9-5B1AA6A1BA57}.Release|Any CPU.Build.0 = Release|Any CPU
		{407E3ED0-EF42-46A9-ADC1-EACE9DC606E7}.Debug|Any CPU.ActiveCfg = Debug|Any CPU
		{407E3ED0-EF42-46A9-ADC1-EACE9DC606E7}.Debug|Any CPU.Build.0 = Debug|Any CPU
		{407E3ED0-EF42-46A9-ADC1-EACE9DC606E7}.Release|Any CPU.ActiveCfg = Release|Any CPU
		{407E3ED0-EF42-46A9-ADC1-EACE9DC606E7}.Release|Any CPU.Build.0 = Release|Any CPU
		{B8C82828-B23D-4114-A5B0-585994C74219}.Debug|Any CPU.ActiveCfg = Debug|Any CPU
		{B8C82828-B23D-4114-A5B0-585994C74219}.Debug|Any CPU.Build.0 = Debug|Any CPU
		{B8C82828-B23D-4114-A5B0-585994C74219}.Release|Any CPU.ActiveCfg = Release|Any CPU
		{B8C82828-B23D-4114-A5B0-585994C74219}.Release|Any CPU.Build.0 = Release|Any CPU
		{8C310B70-CCA8-4EEB-BC1A-F454DA075F0D}.Debug|Any CPU.ActiveCfg = Debug|Any CPU
		{8C310B70-CCA8-4EEB-BC1A-F454DA075F0D}.Debug|Any CPU.Build.0 = Debug|Any CPU
		{8C310B70-CCA8-4EEB-BC1A-F454DA075F0D}.Release|Any CPU.ActiveCfg = Release|Any CPU
		{8C310B70-CCA8-4EEB-BC1A-F454DA075F0D}.Release|Any CPU.Build.0 = Release|Any CPU
		{EAC41224-44BE-4B08-8043-87AA5D39D3C6}.Debug|Any CPU.ActiveCfg = Debug|Any CPU
		{EAC41224-44BE-4B08-8043-87AA5D39D3C6}.Debug|Any CPU.Build.0 = Debug|Any CPU
		{EAC41224-44BE-4B08-8043-87AA5D39D3C6}.Release|Any CPU.ActiveCfg = Release|Any CPU
		{EAC41224-44BE-4B08-8043-87AA5D39D3C6}.Release|Any CPU.Build.0 = Release|Any CPU
		{76221181-F14D-4C97-96BC-A8CC4F4F48C2}.Debug|Any CPU.ActiveCfg = Debug|Any CPU
		{76221181-F14D-4C97-96BC-A8CC4F4F48C2}.Debug|Any CPU.Build.0 = Debug|Any CPU
		{76221181-F14D-4C97-96BC-A8CC4F4F48C2}.Release|Any CPU.ActiveCfg = Release|Any CPU
		{76221181-F14D-4C97-96BC-A8CC4F4F48C2}.Release|Any CPU.Build.0 = Release|Any CPU
	EndGlobalSection
	GlobalSection(SolutionProperties) = preSolution
		HideSolutionNode = FALSE
	EndGlobalSection
	GlobalSection(ExtensibilityGlobals) = postSolution
		SolutionGuid = {45419D86-F404-4DAA-BF3D-08AA97850B16}
	EndGlobalSection
EndGlobal
