
Microsoft Visual Studio Solution File, Format Version 12.00
# Visual Studio Version 17
VisualStudioVersion = 17.0.32112.339
MinimumVisualStudioVersion = 10.0.40219.1
Project("{FAE04EC0-301F-11D3-BF4B-00C04F79EFBC}") = "1. Sum Matrix Elements", "1. Sum Matrix Elements\1. Sum Matrix Elements.csproj", "{B3C40DED-F92C-4150-8E52-EA0A72F4BE53}"
EndProject
Project("{FAE04EC0-301F-11D3-BF4B-00C04F79EFBC}") = "2. Sum Matrix Columns", "2. Sum Matrix Columns\2. Sum Matrix Columns.csproj", "{63AC657B-09DA-4CA2-8004-30133D5E3C65}"
EndProject
Global
	GlobalSection(SolutionConfigurationPlatforms) = preSolution
		Debug|Any CPU = Debug|Any CPU
		Release|Any CPU = Release|Any CPU
	EndGlobalSection
	GlobalSection(ProjectConfigurationPlatforms) = postSolution
		{B3C40DED-F92C-4150-8E52-EA0A72F4BE53}.Debug|Any CPU.ActiveCfg = Debug|Any CPU
		{B3C40DED-F92C-4150-8E52-EA0A72F4BE53}.Debug|Any CPU.Build.0 = Debug|Any CPU
		{B3C40DED-F92C-4150-8E52-EA0A72F4BE53}.Release|Any CPU.ActiveCfg = Release|Any CPU
		{B3C40DED-F92C-4150-8E52-EA0A72F4BE53}.Release|Any CPU.Build.0 = Release|Any CPU
		{63AC657B-09DA-4CA2-8004-30133D5E3C65}.Debug|Any CPU.ActiveCfg = Debug|Any CPU
		{63AC657B-09DA-4CA2-8004-30133D5E3C65}.Debug|Any CPU.Build.0 = Debug|Any CPU
		{63AC657B-09DA-4CA2-8004-30133D5E3C65}.Release|Any CPU.ActiveCfg = Release|Any CPU
		{63AC657B-09DA-4CA2-8004-30133D5E3C65}.Release|Any CPU.Build.0 = Release|Any CPU
	EndGlobalSection
	GlobalSection(SolutionProperties) = preSolution
		HideSolutionNode = FALSE
	EndGlobalSection
	GlobalSection(ExtensibilityGlobals) = postSolution
		SolutionGuid = {358B84C1-54CE-48E7-BA0C-06AE274CAC69}
	EndGlobalSection
EndGlobal
