
Microsoft Visual Studio Solution File, Format Version 12.00
# Visual Studio Version 17
VisualStudioVersion = 17.6.33801.468
MinimumVisualStudioVersion = 10.0.40219.1
Project("{FAE04EC0-301F-11D3-BF4B-00C04F79EFBC}") = "ClassBoxData", "ClassBoxData\ClassBoxData.csproj", "{91F5AA22-CBE3-4E29-B998-C799EC4F5B6D}"
EndProject
Global
	GlobalSection(SolutionConfigurationPlatforms) = preSolution
		Debug|Any CPU = Debug|Any CPU
		Release|Any CPU = Release|Any CPU
	EndGlobalSection
	GlobalSection(ProjectConfigurationPlatforms) = postSolution
		{91F5AA22-CBE3-4E29-B998-C799EC4F5B6D}.Debug|Any CPU.ActiveCfg = Debug|Any CPU
		{91F5AA22-CBE3-4E29-B998-C799EC4F5B6D}.Debug|Any CPU.Build.0 = Debug|Any CPU
		{91F5AA22-CBE3-4E29-B998-C799EC4F5B6D}.Release|Any CPU.ActiveCfg = Release|Any CPU
		{91F5AA22-CBE3-4E29-B998-C799EC4F5B6D}.Release|Any CPU.Build.0 = Release|Any CPU
	EndGlobalSection
	GlobalSection(SolutionProperties) = preSolution
		HideSolutionNode = FALSE
	EndGlobalSection
	GlobalSection(ExtensibilityGlobals) = postSolution
		SolutionGuid = {A3340E95-7FF9-49C9-98CA-A27550560A19}
	EndGlobalSection
EndGlobal
