
Microsoft Visual Studio Solution File, Format Version 12.00
# Visual Studio Version 17
VisualStudioVersion = 17.0.32112.339
MinimumVisualStudioVersion = 10.0.40219.1
Project("{9A19103F-16F7-4668-BE54-9A1E7A4F7556}") = "01. Rubber Duck Debugers", "01. Rubber Duck Debugers\01. Rubber Duck Debugers.csproj", "{3D815D31-492D-4B85-9A62-A3BCCA614BDF}"
EndProject
Project("{9A19103F-16F7-4668-BE54-9A1E7A4F7556}") = "02. The Squirrel", "02. The Squirrel\02. The Squirrel.csproj", "{EB14CF23-E7E8-4EFD-BA29-510004697F7D}"
EndProject
Project("{9A19103F-16F7-4668-BE54-9A1E7A4F7556}") = "03. Apocalypse Preparation", "03. Apocalypse Preparation\03. Apocalypse Preparation.csproj", "{E954641D-5E5E-4FEE-B18A-F48F79ABEABC}"
EndProject
Project("{9A19103F-16F7-4668-BE54-9A1E7A4F7556}") = "02. Blind Man's Buff", "02. Blind Man's Buff\02. Blind Man's Buff.csproj", "{A4B1FFDE-CE1B-4E71-8FEE-2054405256B4}"
EndProject
Project("{9A19103F-16F7-4668-BE54-9A1E7A4F7556}") = "SoftUniKindergarten", "SoftUniKindergarten\SoftUniKindergarten.csproj", "{6EB95302-13EA-40EA-9FD0-18FC0A8DDFE6}"
EndProject
Project("{9A19103F-16F7-4668-BE54-9A1E7A4F7556}") = "04. Climb The Peaks", "04. Climb The Peaks\04. Climb The Peaks.csproj", "{82E18903-C4B9-4C03-B770-B72F66FBA26B}"
EndProject
Project("{9A19103F-16F7-4668-BE54-9A1E7A4F7556}") = "05. Navy Battle", "05. Navy Battle\05. Navy Battle.csproj", "{893161B2-4C7E-4F21-8930-E868009302CB}"
EndProject
Project("{9A19103F-16F7-4668-BE54-9A1E7A4F7556}") = "06. Barista Contest", "06. Barista Contest\06. Barista Contest.csproj", "{657FC276-7182-4285-BE9F-E696B7EC52E0}"
EndProject
Project("{9A19103F-16F7-4668-BE54-9A1E7A4F7556}") = "07. Help-A-Mole", "07. Help-A-Mole\07. Help-A-Mole.csproj", "{E9066847-FB38-40E0-B489-7784F471EE6A}"
EndProject
Project("{9A19103F-16F7-4668-BE54-9A1E7A4F7556}") = "07. Help-A-Mole2", "07. Help-A-Mole2\07. Help-A-Mole2.csproj", "{03F71673-B222-4779-96A5-0B826957C91F}"
EndProject
Project("{FAE04EC0-301F-11D3-BF4B-00C04F79EFBC}") = "03. Basketball", "03. Basketball\03. Basketball.csproj", "{898D97DD-2FA2-4F4A-A31D-DCFF687B6105}"
EndProject
Global
	GlobalSection(SolutionConfigurationPlatforms) = preSolution
		Debug|Any CPU = Debug|Any CPU
		Release|Any CPU = Release|Any CPU
	EndGlobalSection
	GlobalSection(ProjectConfigurationPlatforms) = postSolution
		{3D815D31-492D-4B85-9A62-A3BCCA614BDF}.Debug|Any CPU.ActiveCfg = Debug|Any CPU
		{3D815D31-492D-4B85-9A62-A3BCCA614BDF}.Debug|Any CPU.Build.0 = Debug|Any CPU
		{3D815D31-492D-4B85-9A62-A3BCCA614BDF}.Release|Any CPU.ActiveCfg = Release|Any CPU
		{3D815D31-492D-4B85-9A62-A3BCCA614BDF}.Release|Any CPU.Build.0 = Release|Any CPU
		{EB14CF23-E7E8-4EFD-BA29-510004697F7D}.Debug|Any CPU.ActiveCfg = Debug|Any CPU
		{EB14CF23-E7E8-4EFD-BA29-510004697F7D}.Debug|Any CPU.Build.0 = Debug|Any CPU
		{EB14CF23-E7E8-4EFD-BA29-510004697F7D}.Release|Any CPU.ActiveCfg = Release|Any CPU
		{EB14CF23-E7E8-4EFD-BA29-510004697F7D}.Release|Any CPU.Build.0 = Release|Any CPU
		{E954641D-5E5E-4FEE-B18A-F48F79ABEABC}.Debug|Any CPU.ActiveCfg = Debug|Any CPU
		{E954641D-5E5E-4FEE-B18A-F48F79ABEABC}.Debug|Any CPU.Build.0 = Debug|Any CPU
		{E954641D-5E5E-4FEE-B18A-F48F79ABEABC}.Release|Any CPU.ActiveCfg = Release|Any CPU
		{E954641D-5E5E-4FEE-B18A-F48F79ABEABC}.Release|Any CPU.Build.0 = Release|Any CPU
		{A4B1FFDE-CE1B-4E71-8FEE-2054405256B4}.Debug|Any CPU.ActiveCfg = Debug|Any CPU
		{A4B1FFDE-CE1B-4E71-8FEE-2054405256B4}.Debug|Any CPU.Build.0 = Debug|Any CPU
		{A4B1FFDE-CE1B-4E71-8FEE-2054405256B4}.Release|Any CPU.ActiveCfg = Release|Any CPU
		{A4B1FFDE-CE1B-4E71-8FEE-2054405256B4}.Release|Any CPU.Build.0 = Release|Any CPU
		{6EB95302-13EA-40EA-9FD0-18FC0A8DDFE6}.Debug|Any CPU.ActiveCfg = Debug|Any CPU
		{6EB95302-13EA-40EA-9FD0-18FC0A8DDFE6}.Debug|Any CPU.Build.0 = Debug|Any CPU
		{6EB95302-13EA-40EA-9FD0-18FC0A8DDFE6}.Release|Any CPU.ActiveCfg = Release|Any CPU
		{6EB95302-13EA-40EA-9FD0-18FC0A8DDFE6}.Release|Any CPU.Build.0 = Release|Any CPU
		{82E18903-C4B9-4C03-B770-B72F66FBA26B}.Debug|Any CPU.ActiveCfg = Debug|Any CPU
		{82E18903-C4B9-4C03-B770-B72F66FBA26B}.Debug|Any CPU.Build.0 = Debug|Any CPU
		{82E18903-C4B9-4C03-B770-B72F66FBA26B}.Release|Any CPU.ActiveCfg = Release|Any CPU
		{82E18903-C4B9-4C03-B770-B72F66FBA26B}.Release|Any CPU.Build.0 = Release|Any CPU
		{893161B2-4C7E-4F21-8930-E868009302CB}.Debug|Any CPU.ActiveCfg = Debug|Any CPU
		{893161B2-4C7E-4F21-8930-E868009302CB}.Debug|Any CPU.Build.0 = Debug|Any CPU
		{893161B2-4C7E-4F21-8930-E868009302CB}.Release|Any CPU.ActiveCfg = Release|Any CPU
		{893161B2-4C7E-4F21-8930-E868009302CB}.Release|Any CPU.Build.0 = Release|Any CPU
		{657FC276-7182-4285-BE9F-E696B7EC52E0}.Debug|Any CPU.ActiveCfg = Debug|Any CPU
		{657FC276-7182-4285-BE9F-E696B7EC52E0}.Debug|Any CPU.Build.0 = Debug|Any CPU
		{657FC276-7182-4285-BE9F-E696B7EC52E0}.Release|Any CPU.ActiveCfg = Release|Any CPU
		{657FC276-7182-4285-BE9F-E696B7EC52E0}.Release|Any CPU.Build.0 = Release|Any CPU
		{E9066847-FB38-40E0-B489-7784F471EE6A}.Debug|Any CPU.ActiveCfg = Debug|Any CPU
		{E9066847-FB38-40E0-B489-7784F471EE6A}.Debug|Any CPU.Build.0 = Debug|Any CPU
		{E9066847-FB38-40E0-B489-7784F471EE6A}.Release|Any CPU.ActiveCfg = Release|Any CPU
		{E9066847-FB38-40E0-B489-7784F471EE6A}.Release|Any CPU.Build.0 = Release|Any CPU
		{03F71673-B222-4779-96A5-0B826957C91F}.Debug|Any CPU.ActiveCfg = Debug|Any CPU
		{03F71673-B222-4779-96A5-0B826957C91F}.Debug|Any CPU.Build.0 = Debug|Any CPU
		{03F71673-B222-4779-96A5-0B826957C91F}.Release|Any CPU.ActiveCfg = Release|Any CPU
		{03F71673-B222-4779-96A5-0B826957C91F}.Release|Any CPU.Build.0 = Release|Any CPU
		{898D97DD-2FA2-4F4A-A31D-DCFF687B6105}.Debug|Any CPU.ActiveCfg = Debug|Any CPU
		{898D97DD-2FA2-4F4A-A31D-DCFF687B6105}.Debug|Any CPU.Build.0 = Debug|Any CPU
		{898D97DD-2FA2-4F4A-A31D-DCFF687B6105}.Release|Any CPU.ActiveCfg = Release|Any CPU
		{898D97DD-2FA2-4F4A-A31D-DCFF687B6105}.Release|Any CPU.Build.0 = Release|Any CPU
	EndGlobalSection
	GlobalSection(SolutionProperties) = preSolution
		HideSolutionNode = FALSE
	EndGlobalSection
	GlobalSection(ExtensibilityGlobals) = postSolution
		SolutionGuid = {3D83FDED-5BD0-4807-B562-D973CBA049A3}
	EndGlobalSection
EndGlobal
