
Microsoft Visual Studio Solution File, Format Version 12.00
# Visual Studio Version 17
VisualStudioVersion = 17.0.32112.339
MinimumVisualStudioVersion = 10.0.40219.1
Project("{9A19103F-16F7-4668-BE54-9A1E7A4F7556}") = "01. Rubber Duck Debugers", "01. Rubber Duck Debugers\01. Rubber Duck Debugers.csproj", "{3D815D31-492D-4B85-9A62-A3BCCA614BDF}"
EndProject
Project("{9A19103F-16F7-4668-BE54-9A1E7A4F7556}") = "02. The Squirrel", "02. The Squirrel\02. The Squirrel.csproj", "{EB14CF23-E7E8-4EFD-BA29-510004697F7D}"
EndProject
Project("{FAE04EC0-301F-11D3-BF4B-00C04F79EFBC}") = "03. Apocalypse Preparation", "03. Apocalypse Preparation\03. Apocalypse Preparation.csproj", "{E954641D-5E5E-4FEE-B18A-F48F79ABEABC}"
EndProject
Project("{FAE04EC0-301F-11D3-BF4B-00C04F79EFBC}") = "02. Blind Man's Buff", "02. Blind Man's Buff\02. Blind Man's Buff.csproj", "{A4B1FFDE-CE1B-4E71-8FEE-2054405256B4}"
EndProject
Global
	GlobalSection(SolutionConfigurationPlatforms) = preSolution
		Debug|Any CPU = Debug|Any CPU
		Release|Any CPU = Release|Any CPU
	EndGlobalSection
	GlobalSection(ProjectConfigurationPlatforms) = postSolution
		{3D815D31-492D-4B85-9A62-A3BCCA614BDF}.Debug|Any CPU.ActiveCfg = Debug|Any CPU
		{3D815D31-492D-4B85-9A62-A3BCCA614BDF}.Debug|Any CPU.Build.0 = Debug|Any CPU
		{3D815D31-492D-4B85-9A62-A3BCCA614BDF}.Release|Any CPU.ActiveCfg = Release|Any CPU
		{3D815D31-492D-4B85-9A62-A3BCCA614BDF}.Release|Any CPU.Build.0 = Release|Any CPU
		{EB14CF23-E7E8-4EFD-BA29-510004697F7D}.Debug|Any CPU.ActiveCfg = Debug|Any CPU
		{EB14CF23-E7E8-4EFD-BA29-510004697F7D}.Debug|Any CPU.Build.0 = Debug|Any CPU
		{EB14CF23-E7E8-4EFD-BA29-510004697F7D}.Release|Any CPU.ActiveCfg = Release|Any CPU
		{EB14CF23-E7E8-4EFD-BA29-510004697F7D}.Release|Any CPU.Build.0 = Release|Any CPU
		{E954641D-5E5E-4FEE-B18A-F48F79ABEABC}.Debug|Any CPU.ActiveCfg = Debug|Any CPU
		{E954641D-5E5E-4FEE-B18A-F48F79ABEABC}.Debug|Any CPU.Build.0 = Debug|Any CPU
		{E954641D-5E5E-4FEE-B18A-F48F79ABEABC}.Release|Any CPU.ActiveCfg = Release|Any CPU
		{E954641D-5E5E-4FEE-B18A-F48F79ABEABC}.Release|Any CPU.Build.0 = Release|Any CPU
		{A4B1FFDE-CE1B-4E71-8FEE-2054405256B4}.Debug|Any CPU.ActiveCfg = Debug|Any CPU
		{A4B1FFDE-CE1B-4E71-8FEE-2054405256B4}.Debug|Any CPU.Build.0 = Debug|Any CPU
		{A4B1FFDE-CE1B-4E71-8FEE-2054405256B4}.Release|Any CPU.ActiveCfg = Release|Any CPU
		{A4B1FFDE-CE1B-4E71-8FEE-2054405256B4}.Release|Any CPU.Build.0 = Release|Any CPU
	EndGlobalSection
	GlobalSection(SolutionProperties) = preSolution
		HideSolutionNode = FALSE
	EndGlobalSection
	GlobalSection(ExtensibilityGlobals) = postSolution
		SolutionGuid = {3D83FDED-5BD0-4807-B562-D973CBA049A3}
	EndGlobalSection
EndGlobal
