
Microsoft Visual Studio Solution File, Format Version 12.00
# Visual Studio Version 17
VisualStudioVersion = 17.6.33801.468
MinimumVisualStudioVersion = 10.0.40219.1
Project("{FAE04EC0-301F-11D3-BF4B-00C04F79EFBC}") = "Stealer", "Stealer\Stealer.csproj", "{5B6B04D1-7C9B-4AF0-9045-8208A9F6E0B6}"
EndProject
Project("{FAE04EC0-301F-11D3-BF4B-00C04F79EFBC}") = "AuthorProblem", "AuthorProblem\AuthorProblem.csproj", "{D3F460BD-5AFA-4591-8145-067D488250B8}"
EndProject
Global
	GlobalSection(SolutionConfigurationPlatforms) = preSolution
		Debug|Any CPU = Debug|Any CPU
		Release|Any CPU = Release|Any CPU
	EndGlobalSection
	GlobalSection(ProjectConfigurationPlatforms) = postSolution
		{5B6B04D1-7C9B-4AF0-9045-8208A9F6E0B6}.Debug|Any CPU.ActiveCfg = Debug|Any CPU
		{5B6B04D1-7C9B-4AF0-9045-8208A9F6E0B6}.Debug|Any CPU.Build.0 = Debug|Any CPU
		{5B6B04D1-7C9B-4AF0-9045-8208A9F6E0B6}.Release|Any CPU.ActiveCfg = Release|Any CPU
		{5B6B04D1-7C9B-4AF0-9045-8208A9F6E0B6}.Release|Any CPU.Build.0 = Release|Any CPU
		{D3F460BD-5AFA-4591-8145-067D488250B8}.Debug|Any CPU.ActiveCfg = Debug|Any CPU
		{D3F460BD-5AFA-4591-8145-067D488250B8}.Debug|Any CPU.Build.0 = Debug|Any CPU
		{D3F460BD-5AFA-4591-8145-067D488250B8}.Release|Any CPU.ActiveCfg = Release|Any CPU
		{D3F460BD-5AFA-4591-8145-067D488250B8}.Release|Any CPU.Build.0 = Release|Any CPU
	EndGlobalSection
	GlobalSection(SolutionProperties) = preSolution
		HideSolutionNode = FALSE
	EndGlobalSection
	GlobalSection(ExtensibilityGlobals) = postSolution
		SolutionGuid = {373E814F-4895-48DC-9100-56F65428A170}
	EndGlobalSection
EndGlobal
