
Microsoft Visual Studio Solution File, Format Version 12.00
# Visual Studio Version 17
VisualStudioVersion = 17.0.32112.339
MinimumVisualStudioVersion = 10.0.40219.1
Project("{FAE04EC0-301F-11D3-BF4B-00C04F79EFBC}") = "1. Reverse a String", "1. Reverse a String\1. Reverse a String.csproj", "{4AF8AA68-B57E-4420-B673-73CAB61FCB92}"
EndProject
Project("{FAE04EC0-301F-11D3-BF4B-00C04F79EFBC}") = "2. Stack Sum", "2. Stack Sum\2. Stack Sum.csproj", "{8FBC14F0-45C0-4A2F-8251-39EFCC655C6F}"
EndProject
Project("{FAE04EC0-301F-11D3-BF4B-00C04F79EFBC}") = "3. Simple Calculator", "3. Simple Calculator\3. Simple Calculator.csproj", "{55A97D6E-9098-48A6-BD6B-F870D96ABBF6}"
EndProject
Project("{FAE04EC0-301F-11D3-BF4B-00C04F79EFBC}") = "4. Matching Brackets", "4. Matching Brackets\4. Matching Brackets.csproj", "{891E1F6B-5513-4350-BB12-56E8B2C2C250}"
EndProject
Project("{FAE04EC0-301F-11D3-BF4B-00C04F79EFBC}") = "5. Print Even Numbers", "5. Print Even Numbers\5. Print Even Numbers.csproj", "{1D8AC719-2353-49A0-B9D3-ED024A545CBB}"
EndProject
Global
	GlobalSection(SolutionConfigurationPlatforms) = preSolution
		Debug|Any CPU = Debug|Any CPU
		Release|Any CPU = Release|Any CPU
	EndGlobalSection
	GlobalSection(ProjectConfigurationPlatforms) = postSolution
		{4AF8AA68-B57E-4420-B673-73CAB61FCB92}.Debug|Any CPU.ActiveCfg = Debug|Any CPU
		{4AF8AA68-B57E-4420-B673-73CAB61FCB92}.Debug|Any CPU.Build.0 = Debug|Any CPU
		{4AF8AA68-B57E-4420-B673-73CAB61FCB92}.Release|Any CPU.ActiveCfg = Release|Any CPU
		{4AF8AA68-B57E-4420-B673-73CAB61FCB92}.Release|Any CPU.Build.0 = Release|Any CPU
		{8FBC14F0-45C0-4A2F-8251-39EFCC655C6F}.Debug|Any CPU.ActiveCfg = Debug|Any CPU
		{8FBC14F0-45C0-4A2F-8251-39EFCC655C6F}.Debug|Any CPU.Build.0 = Debug|Any CPU
		{8FBC14F0-45C0-4A2F-8251-39EFCC655C6F}.Release|Any CPU.ActiveCfg = Release|Any CPU
		{8FBC14F0-45C0-4A2F-8251-39EFCC655C6F}.Release|Any CPU.Build.0 = Release|Any CPU
		{55A97D6E-9098-48A6-BD6B-F870D96ABBF6}.Debug|Any CPU.ActiveCfg = Debug|Any CPU
		{55A97D6E-9098-48A6-BD6B-F870D96ABBF6}.Debug|Any CPU.Build.0 = Debug|Any CPU
		{55A97D6E-9098-48A6-BD6B-F870D96ABBF6}.Release|Any CPU.ActiveCfg = Release|Any CPU
		{55A97D6E-9098-48A6-BD6B-F870D96ABBF6}.Release|Any CPU.Build.0 = Release|Any CPU
		{891E1F6B-5513-4350-BB12-56E8B2C2C250}.Debug|Any CPU.ActiveCfg = Debug|Any CPU
		{891E1F6B-5513-4350-BB12-56E8B2C2C250}.Debug|Any CPU.Build.0 = Debug|Any CPU
		{891E1F6B-5513-4350-BB12-56E8B2C2C250}.Release|Any CPU.ActiveCfg = Release|Any CPU
		{891E1F6B-5513-4350-BB12-56E8B2C2C250}.Release|Any CPU.Build.0 = Release|Any CPU
		{1D8AC719-2353-49A0-B9D3-ED024A545CBB}.Debug|Any CPU.ActiveCfg = Debug|Any CPU
		{1D8AC719-2353-49A0-B9D3-ED024A545CBB}.Debug|Any CPU.Build.0 = Debug|Any CPU
		{1D8AC719-2353-49A0-B9D3-ED024A545CBB}.Release|Any CPU.ActiveCfg = Release|Any CPU
		{1D8AC719-2353-49A0-B9D3-ED024A545CBB}.Release|Any CPU.Build.0 = Release|Any CPU
	EndGlobalSection
	GlobalSection(SolutionProperties) = preSolution
		HideSolutionNode = FALSE
	EndGlobalSection
	GlobalSection(ExtensibilityGlobals) = postSolution
		SolutionGuid = {A7A228C4-8052-4A22-8B9A-6E590A2EF573}
	EndGlobalSection
EndGlobal
