
Microsoft Visual Studio Solution File, Format Version 12.00
# Visual Studio Version 17
VisualStudioVersion = 17.0.32112.339
MinimumVisualStudioVersion = 10.0.40219.1
Project("{FAE04EC0-301F-11D3-BF4B-00C04F79EFBC}") = "1. Two Sum", "Arrays\1. Two Sum.csproj", "{D34142AB-61EA-4F4F-B0D0-C6324305D46C}"
EndProject
Project("{FAE04EC0-301F-11D3-BF4B-00C04F79EFBC}") = "3. Longest Substring Without Repeating Characters", "3. Longest Substring Without Repeating Characters\3. Longest Substring Without Repeating Characters.csproj", "{19CAB6E5-A445-4F36-B817-E3C7CC6910C0}"
EndProject
Project("{FAE04EC0-301F-11D3-BF4B-00C04F79EFBC}") = "2. Build Array from Permutation", "2. Build Array from Permutation\2. Build Array from Permutation.csproj", "{5FD7694E-C865-4C5A-BC82-784D81A86997}"
EndProject
Project("{FAE04EC0-301F-11D3-BF4B-00C04F79EFBC}") = "4.Concatenation of Array", "4.Concatenation of Array\4.Concatenation of Array.csproj", "{B4872B1E-4F8C-4D57-B404-CD374D9AF099}"
EndProject
Project("{FAE04EC0-301F-11D3-BF4B-00C04F79EFBC}") = "5.Shuffle the Array", "Shuffle the Array\5.Shuffle the Array.csproj", "{B603C013-86B4-4283-8E26-F6EDF2E62868}"
EndProject
Global
	GlobalSection(SolutionConfigurationPlatforms) = preSolution
		Debug|Any CPU = Debug|Any CPU
		Release|Any CPU = Release|Any CPU
	EndGlobalSection
	GlobalSection(ProjectConfigurationPlatforms) = postSolution
		{D34142AB-61EA-4F4F-B0D0-C6324305D46C}.Debug|Any CPU.ActiveCfg = Debug|Any CPU
		{D34142AB-61EA-4F4F-B0D0-C6324305D46C}.Debug|Any CPU.Build.0 = Debug|Any CPU
		{D34142AB-61EA-4F4F-B0D0-C6324305D46C}.Release|Any CPU.ActiveCfg = Release|Any CPU
		{D34142AB-61EA-4F4F-B0D0-C6324305D46C}.Release|Any CPU.Build.0 = Release|Any CPU
		{19CAB6E5-A445-4F36-B817-E3C7CC6910C0}.Debug|Any CPU.ActiveCfg = Debug|Any CPU
		{19CAB6E5-A445-4F36-B817-E3C7CC6910C0}.Debug|Any CPU.Build.0 = Debug|Any CPU
		{19CAB6E5-A445-4F36-B817-E3C7CC6910C0}.Release|Any CPU.ActiveCfg = Release|Any CPU
		{19CAB6E5-A445-4F36-B817-E3C7CC6910C0}.Release|Any CPU.Build.0 = Release|Any CPU
		{5FD7694E-C865-4C5A-BC82-784D81A86997}.Debug|Any CPU.ActiveCfg = Debug|Any CPU
		{5FD7694E-C865-4C5A-BC82-784D81A86997}.Debug|Any CPU.Build.0 = Debug|Any CPU
		{5FD7694E-C865-4C5A-BC82-784D81A86997}.Release|Any CPU.ActiveCfg = Release|Any CPU
		{5FD7694E-C865-4C5A-BC82-784D81A86997}.Release|Any CPU.Build.0 = Release|Any CPU
		{B4872B1E-4F8C-4D57-B404-CD374D9AF099}.Debug|Any CPU.ActiveCfg = Debug|Any CPU
		{B4872B1E-4F8C-4D57-B404-CD374D9AF099}.Debug|Any CPU.Build.0 = Debug|Any CPU
		{B4872B1E-4F8C-4D57-B404-CD374D9AF099}.Release|Any CPU.ActiveCfg = Release|Any CPU
		{B4872B1E-4F8C-4D57-B404-CD374D9AF099}.Release|Any CPU.Build.0 = Release|Any CPU
		{B603C013-86B4-4283-8E26-F6EDF2E62868}.Debug|Any CPU.ActiveCfg = Debug|Any CPU
		{B603C013-86B4-4283-8E26-F6EDF2E62868}.Debug|Any CPU.Build.0 = Debug|Any CPU
		{B603C013-86B4-4283-8E26-F6EDF2E62868}.Release|Any CPU.ActiveCfg = Release|Any CPU
		{B603C013-86B4-4283-8E26-F6EDF2E62868}.Release|Any CPU.Build.0 = Release|Any CPU
	EndGlobalSection
	GlobalSection(SolutionProperties) = preSolution
		HideSolutionNode = FALSE
	EndGlobalSection
	GlobalSection(ExtensibilityGlobals) = postSolution
		SolutionGuid = {6341B284-F724-4E81-9260-D5E02091ECA0}
	EndGlobalSection
EndGlobal
