
Microsoft Visual Studio Solution File, Format Version 12.00
# Visual Studio Version 17
VisualStudioVersion = 17.0.32112.339
MinimumVisualStudioVersion = 10.0.40219.1
Project("{FAE04EC0-301F-11D3-BF4B-00C04F79EFBC}") = "1. Reverse a String", "1. Reverse a String\1. Reverse a String.csproj", "{23FF480E-4B31-48E8-90D5-9FDF54232874}"
EndProject
Project("{FAE04EC0-301F-11D3-BF4B-00C04F79EFBC}") = "2. Stack Sum", "2. Stack Sum\2. Stack Sum.csproj", "{A3F7D5A1-895B-4FE9-895D-A9ED05D3E70F}"
EndProject
Project("{FAE04EC0-301F-11D3-BF4B-00C04F79EFBC}") = "3. Simple Calculator", "3. Simple Calculator\3. Simple Calculator.csproj", "{71056B30-2063-4929-ABF5-981625E59433}"
EndProject
Project("{FAE04EC0-301F-11D3-BF4B-00C04F79EFBC}") = "4. Matching Brackets", "4. Matching Brackets\4. Matching Brackets.csproj", "{E430338D-80DB-4302-9803-2C8E5C7F0DFB}"
EndProject
Global
	GlobalSection(SolutionConfigurationPlatforms) = preSolution
		Debug|Any CPU = Debug|Any CPU
		Release|Any CPU = Release|Any CPU
	EndGlobalSection
	GlobalSection(ProjectConfigurationPlatforms) = postSolution
		{23FF480E-4B31-48E8-90D5-9FDF54232874}.Debug|Any CPU.ActiveCfg = Debug|Any CPU
		{23FF480E-4B31-48E8-90D5-9FDF54232874}.Debug|Any CPU.Build.0 = Debug|Any CPU
		{23FF480E-4B31-48E8-90D5-9FDF54232874}.Release|Any CPU.ActiveCfg = Release|Any CPU
		{23FF480E-4B31-48E8-90D5-9FDF54232874}.Release|Any CPU.Build.0 = Release|Any CPU
		{A3F7D5A1-895B-4FE9-895D-A9ED05D3E70F}.Debug|Any CPU.ActiveCfg = Debug|Any CPU
		{A3F7D5A1-895B-4FE9-895D-A9ED05D3E70F}.Debug|Any CPU.Build.0 = Debug|Any CPU
		{A3F7D5A1-895B-4FE9-895D-A9ED05D3E70F}.Release|Any CPU.ActiveCfg = Release|Any CPU
		{A3F7D5A1-895B-4FE9-895D-A9ED05D3E70F}.Release|Any CPU.Build.0 = Release|Any CPU
		{71056B30-2063-4929-ABF5-981625E59433}.Debug|Any CPU.ActiveCfg = Debug|Any CPU
		{71056B30-2063-4929-ABF5-981625E59433}.Debug|Any CPU.Build.0 = Debug|Any CPU
		{71056B30-2063-4929-ABF5-981625E59433}.Release|Any CPU.ActiveCfg = Release|Any CPU
		{71056B30-2063-4929-ABF5-981625E59433}.Release|Any CPU.Build.0 = Release|Any CPU
		{E430338D-80DB-4302-9803-2C8E5C7F0DFB}.Debug|Any CPU.ActiveCfg = Debug|Any CPU
		{E430338D-80DB-4302-9803-2C8E5C7F0DFB}.Debug|Any CPU.Build.0 = Debug|Any CPU
		{E430338D-80DB-4302-9803-2C8E5C7F0DFB}.Release|Any CPU.ActiveCfg = Release|Any CPU
		{E430338D-80DB-4302-9803-2C8E5C7F0DFB}.Release|Any CPU.Build.0 = Release|Any CPU
	EndGlobalSection
	GlobalSection(SolutionProperties) = preSolution
		HideSolutionNode = FALSE
	EndGlobalSection
	GlobalSection(ExtensibilityGlobals) = postSolution
		SolutionGuid = {D6BFF110-EA75-4311-A750-15629FE8FFD7}
	EndGlobalSection
EndGlobal
