
Microsoft Visual Studio Solution File, Format Version 12.00
# Visual Studio Version 17
VisualStudioVersion = 17.0.32112.339
MinimumVisualStudioVersion = 10.0.40219.1
Project("{9A19103F-16F7-4668-BE54-9A1E7A4F7556}") = "01. The Imitation Game", "01. The Imitation Game\01. The Imitation Game.csproj", "{DFBA86C6-F7F7-415E-809D-BE13F4758766}"
EndProject
Project("{9A19103F-16F7-4668-BE54-9A1E7A4F7556}") = "02. Destination Mapper", "02. Destination Mapper\02. Destination Mapper.csproj", "{886CF4A1-EC00-4E02-8FC7-92109303D942}"
EndProject
Project("{9A19103F-16F7-4668-BE54-9A1E7A4F7556}") = "03. Need for Speed III", "03. Need for Speed III\03. Need for Speed III.csproj", "{76EF12CF-CDAB-4011-AA84-7AD2C8EC1E2B}"
EndProject
Project("{9A19103F-16F7-4668-BE54-9A1E7A4F7556}") = "04. World Tour", "04. World Tour\04. World Tour.csproj", "{BEA1D77E-E179-4225-8BC0-51D312C21807}"
EndProject
Project("{9A19103F-16F7-4668-BE54-9A1E7A4F7556}") = "05. Mirror Words", "05. Mirror Words\05. Mirror Words.csproj", "{826D92E6-AE42-4F47-A150-770E9CBF7BB0}"
EndProject
Project("{9A19103F-16F7-4668-BE54-9A1E7A4F7556}") = "06. The Pianist", "06. The Pianist\06. The Pianist.csproj", "{E18DC898-6505-4265-9555-3C4908578788}"
EndProject
Project("{9A19103F-16F7-4668-BE54-9A1E7A4F7556}") = "07. Ad Astra", "07. Ad Astra\07. Ad Astra.csproj", "{71A2CFDD-0029-43ED-89EF-4C4694AD82AE}"
EndProject
Project("{9A19103F-16F7-4668-BE54-9A1E7A4F7556}") = "08. Plant Discovery", "08. Plant Discovery\08. Plant Discovery.csproj", "{B4F26F10-BBBE-488E-8D24-588583740B22}"
EndProject
Project("{FAE04EC0-301F-11D3-BF4B-00C04F79EFBC}") = "09. Secret Chat", "01. Secret Chat\09. Secret Chat.csproj", "{B6245D88-900B-479B-A037-70B3771C53B4}"
EndProject
Project("{9A19103F-16F7-4668-BE54-9A1E7A4F7556}") = "10. Password Reset", "10. Password Reset\10. Password Reset.csproj", "{94981541-FC93-46F7-B21D-F456FAD594BB}"
EndProject
Project("{9A19103F-16F7-4668-BE54-9A1E7A4F7556}") = "11. Fancy Barcodes", "11. Fancy Barcodes\11. Fancy Barcodes.csproj", "{731CEE50-C180-422B-AE95-636039851107}"
EndProject
Project("{9A19103F-16F7-4668-BE54-9A1E7A4F7556}") = "12. Heroes of Code and Logic VII", "12. Heroes of Code and Logic VII\12. Heroes of Code and Logic VII.csproj", "{5B64A0EA-DDC4-4FCD-8876-F23C7DC1CAD9}"
EndProject
Project("{FAE04EC0-301F-11D3-BF4B-00C04F79EFBC}") = "13. Activation Keys", "13. Activation Keys\13. Activation Keys.csproj", "{467F77D5-99B1-4AA2-8B4B-F398E43AEF34}"
EndProject
Project("{FAE04EC0-301F-11D3-BF4B-00C04F79EFBC}") = "02. Emoji Detector", "02. Emoji Detector\02. Emoji Detector.csproj", "{C796C39E-22AC-4B8F-8ACF-37672AEED700}"
EndProject
Project("{FAE04EC0-301F-11D3-BF4B-00C04F79EFBC}") = "15. P!rates", "15. P!rates\15. P!rates.csproj", "{15B034CD-EB11-4C0D-9046-6E94FDF4FE17}"
EndProject
Global
	GlobalSection(SolutionConfigurationPlatforms) = preSolution
		Debug|Any CPU = Debug|Any CPU
		Release|Any CPU = Release|Any CPU
	EndGlobalSection
	GlobalSection(ProjectConfigurationPlatforms) = postSolution
		{DFBA86C6-F7F7-415E-809D-BE13F4758766}.Debug|Any CPU.ActiveCfg = Debug|Any CPU
		{DFBA86C6-F7F7-415E-809D-BE13F4758766}.Debug|Any CPU.Build.0 = Debug|Any CPU
		{DFBA86C6-F7F7-415E-809D-BE13F4758766}.Release|Any CPU.ActiveCfg = Release|Any CPU
		{DFBA86C6-F7F7-415E-809D-BE13F4758766}.Release|Any CPU.Build.0 = Release|Any CPU
		{886CF4A1-EC00-4E02-8FC7-92109303D942}.Debug|Any CPU.ActiveCfg = Debug|Any CPU
		{886CF4A1-EC00-4E02-8FC7-92109303D942}.Debug|Any CPU.Build.0 = Debug|Any CPU
		{886CF4A1-EC00-4E02-8FC7-92109303D942}.Release|Any CPU.ActiveCfg = Release|Any CPU
		{886CF4A1-EC00-4E02-8FC7-92109303D942}.Release|Any CPU.Build.0 = Release|Any CPU
		{76EF12CF-CDAB-4011-AA84-7AD2C8EC1E2B}.Debug|Any CPU.ActiveCfg = Debug|Any CPU
		{76EF12CF-CDAB-4011-AA84-7AD2C8EC1E2B}.Debug|Any CPU.Build.0 = Debug|Any CPU
		{76EF12CF-CDAB-4011-AA84-7AD2C8EC1E2B}.Release|Any CPU.ActiveCfg = Release|Any CPU
		{76EF12CF-CDAB-4011-AA84-7AD2C8EC1E2B}.Release|Any CPU.Build.0 = Release|Any CPU
		{BEA1D77E-E179-4225-8BC0-51D312C21807}.Debug|Any CPU.ActiveCfg = Debug|Any CPU
		{BEA1D77E-E179-4225-8BC0-51D312C21807}.Debug|Any CPU.Build.0 = Debug|Any CPU
		{BEA1D77E-E179-4225-8BC0-51D312C21807}.Release|Any CPU.ActiveCfg = Release|Any CPU
		{BEA1D77E-E179-4225-8BC0-51D312C21807}.Release|Any CPU.Build.0 = Release|Any CPU
		{826D92E6-AE42-4F47-A150-770E9CBF7BB0}.Debug|Any CPU.ActiveCfg = Debug|Any CPU
		{826D92E6-AE42-4F47-A150-770E9CBF7BB0}.Debug|Any CPU.Build.0 = Debug|Any CPU
		{826D92E6-AE42-4F47-A150-770E9CBF7BB0}.Release|Any CPU.ActiveCfg = Release|Any CPU
		{826D92E6-AE42-4F47-A150-770E9CBF7BB0}.Release|Any CPU.Build.0 = Release|Any CPU
		{E18DC898-6505-4265-9555-3C4908578788}.Debug|Any CPU.ActiveCfg = Debug|Any CPU
		{E18DC898-6505-4265-9555-3C4908578788}.Debug|Any CPU.Build.0 = Debug|Any CPU
		{E18DC898-6505-4265-9555-3C4908578788}.Release|Any CPU.ActiveCfg = Release|Any CPU
		{E18DC898-6505-4265-9555-3C4908578788}.Release|Any CPU.Build.0 = Release|Any CPU
		{71A2CFDD-0029-43ED-89EF-4C4694AD82AE}.Debug|Any CPU.ActiveCfg = Debug|Any CPU
		{71A2CFDD-0029-43ED-89EF-4C4694AD82AE}.Debug|Any CPU.Build.0 = Debug|Any CPU
		{71A2CFDD-0029-43ED-89EF-4C4694AD82AE}.Release|Any CPU.ActiveCfg = Release|Any CPU
		{71A2CFDD-0029-43ED-89EF-4C4694AD82AE}.Release|Any CPU.Build.0 = Release|Any CPU
		{B4F26F10-BBBE-488E-8D24-588583740B22}.Debug|Any CPU.ActiveCfg = Debug|Any CPU
		{B4F26F10-BBBE-488E-8D24-588583740B22}.Debug|Any CPU.Build.0 = Debug|Any CPU
		{B4F26F10-BBBE-488E-8D24-588583740B22}.Release|Any CPU.ActiveCfg = Release|Any CPU
		{B4F26F10-BBBE-488E-8D24-588583740B22}.Release|Any CPU.Build.0 = Release|Any CPU
		{B6245D88-900B-479B-A037-70B3771C53B4}.Debug|Any CPU.ActiveCfg = Debug|Any CPU
		{B6245D88-900B-479B-A037-70B3771C53B4}.Debug|Any CPU.Build.0 = Debug|Any CPU
		{B6245D88-900B-479B-A037-70B3771C53B4}.Release|Any CPU.ActiveCfg = Release|Any CPU
		{B6245D88-900B-479B-A037-70B3771C53B4}.Release|Any CPU.Build.0 = Release|Any CPU
		{94981541-FC93-46F7-B21D-F456FAD594BB}.Debug|Any CPU.ActiveCfg = Debug|Any CPU
		{94981541-FC93-46F7-B21D-F456FAD594BB}.Debug|Any CPU.Build.0 = Debug|Any CPU
		{94981541-FC93-46F7-B21D-F456FAD594BB}.Release|Any CPU.ActiveCfg = Release|Any CPU
		{94981541-FC93-46F7-B21D-F456FAD594BB}.Release|Any CPU.Build.0 = Release|Any CPU
		{731CEE50-C180-422B-AE95-636039851107}.Debug|Any CPU.ActiveCfg = Debug|Any CPU
		{731CEE50-C180-422B-AE95-636039851107}.Debug|Any CPU.Build.0 = Debug|Any CPU
		{731CEE50-C180-422B-AE95-636039851107}.Release|Any CPU.ActiveCfg = Release|Any CPU
		{731CEE50-C180-422B-AE95-636039851107}.Release|Any CPU.Build.0 = Release|Any CPU
		{5B64A0EA-DDC4-4FCD-8876-F23C7DC1CAD9}.Debug|Any CPU.ActiveCfg = Debug|Any CPU
		{5B64A0EA-DDC4-4FCD-8876-F23C7DC1CAD9}.Debug|Any CPU.Build.0 = Debug|Any CPU
		{5B64A0EA-DDC4-4FCD-8876-F23C7DC1CAD9}.Release|Any CPU.ActiveCfg = Release|Any CPU
		{5B64A0EA-DDC4-4FCD-8876-F23C7DC1CAD9}.Release|Any CPU.Build.0 = Release|Any CPU
		{467F77D5-99B1-4AA2-8B4B-F398E43AEF34}.Debug|Any CPU.ActiveCfg = Debug|Any CPU
		{467F77D5-99B1-4AA2-8B4B-F398E43AEF34}.Debug|Any CPU.Build.0 = Debug|Any CPU
		{467F77D5-99B1-4AA2-8B4B-F398E43AEF34}.Release|Any CPU.ActiveCfg = Release|Any CPU
		{467F77D5-99B1-4AA2-8B4B-F398E43AEF34}.Release|Any CPU.Build.0 = Release|Any CPU
		{C796C39E-22AC-4B8F-8ACF-37672AEED700}.Debug|Any CPU.ActiveCfg = Debug|Any CPU
		{C796C39E-22AC-4B8F-8ACF-37672AEED700}.Debug|Any CPU.Build.0 = Debug|Any CPU
		{C796C39E-22AC-4B8F-8ACF-37672AEED700}.Release|Any CPU.ActiveCfg = Release|Any CPU
		{C796C39E-22AC-4B8F-8ACF-37672AEED700}.Release|Any CPU.Build.0 = Release|Any CPU
		{15B034CD-EB11-4C0D-9046-6E94FDF4FE17}.Debug|Any CPU.ActiveCfg = Debug|Any CPU
		{15B034CD-EB11-4C0D-9046-6E94FDF4FE17}.Debug|Any CPU.Build.0 = Debug|Any CPU
		{15B034CD-EB11-4C0D-9046-6E94FDF4FE17}.Release|Any CPU.ActiveCfg = Release|Any CPU
		{15B034CD-EB11-4C0D-9046-6E94FDF4FE17}.Release|Any CPU.Build.0 = Release|Any CPU
	EndGlobalSection
	GlobalSection(SolutionProperties) = preSolution
		HideSolutionNode = FALSE
	EndGlobalSection
	GlobalSection(ExtensibilityGlobals) = postSolution
		SolutionGuid = {C5F1939A-3875-4809-8F4D-007ECFC8AE80}
	EndGlobalSection
EndGlobal
