
Microsoft Visual Studio Solution File, Format Version 12.00
# Visual Studio Version 17
VisualStudioVersion = 17.0.32112.339
MinimumVisualStudioVersion = 10.0.40219.1
Project("{9A19103F-16F7-4668-BE54-9A1E7A4F7556}") = "01. The Imitation Game", "01. The Imitation Game\01. The Imitation Game.csproj", "{DFBA86C6-F7F7-415E-809D-BE13F4758766}"
EndProject
Project("{9A19103F-16F7-4668-BE54-9A1E7A4F7556}") = "02. Destination Mapper", "02. Destination Mapper\02. Destination Mapper.csproj", "{886CF4A1-EC00-4E02-8FC7-92109303D942}"
EndProject
Project("{9A19103F-16F7-4668-BE54-9A1E7A4F7556}") = "03. Need for Speed III", "03. Need for Speed III\03. Need for Speed III.csproj", "{76EF12CF-CDAB-4011-AA84-7AD2C8EC1E2B}"
EndProject
Project("{9A19103F-16F7-4668-BE54-9A1E7A4F7556}") = "04. World Tour", "04. World Tour\04. World Tour.csproj", "{BEA1D77E-E179-4225-8BC0-51D312C21807}"
EndProject
Project("{9A19103F-16F7-4668-BE54-9A1E7A4F7556}") = "05. Mirror Words", "05. Mirror Words\05. Mirror Words.csproj", "{826D92E6-AE42-4F47-A150-770E9CBF7BB0}"
EndProject
Project("{FAE04EC0-301F-11D3-BF4B-00C04F79EFBC}") = "06. The Pianist", "06. The Pianist\06. The Pianist.csproj", "{E18DC898-6505-4265-9555-3C4908578788}"
EndProject
Global
	GlobalSection(SolutionConfigurationPlatforms) = preSolution
		Debug|Any CPU = Debug|Any CPU
		Release|Any CPU = Release|Any CPU
	EndGlobalSection
	GlobalSection(ProjectConfigurationPlatforms) = postSolution
		{DFBA86C6-F7F7-415E-809D-BE13F4758766}.Debug|Any CPU.ActiveCfg = Debug|Any CPU
		{DFBA86C6-F7F7-415E-809D-BE13F4758766}.Debug|Any CPU.Build.0 = Debug|Any CPU
		{DFBA86C6-F7F7-415E-809D-BE13F4758766}.Release|Any CPU.ActiveCfg = Release|Any CPU
		{DFBA86C6-F7F7-415E-809D-BE13F4758766}.Release|Any CPU.Build.0 = Release|Any CPU
		{886CF4A1-EC00-4E02-8FC7-92109303D942}.Debug|Any CPU.ActiveCfg = Debug|Any CPU
		{886CF4A1-EC00-4E02-8FC7-92109303D942}.Debug|Any CPU.Build.0 = Debug|Any CPU
		{886CF4A1-EC00-4E02-8FC7-92109303D942}.Release|Any CPU.ActiveCfg = Release|Any CPU
		{886CF4A1-EC00-4E02-8FC7-92109303D942}.Release|Any CPU.Build.0 = Release|Any CPU
		{76EF12CF-CDAB-4011-AA84-7AD2C8EC1E2B}.Debug|Any CPU.ActiveCfg = Debug|Any CPU
		{76EF12CF-CDAB-4011-AA84-7AD2C8EC1E2B}.Debug|Any CPU.Build.0 = Debug|Any CPU
		{76EF12CF-CDAB-4011-AA84-7AD2C8EC1E2B}.Release|Any CPU.ActiveCfg = Release|Any CPU
		{76EF12CF-CDAB-4011-AA84-7AD2C8EC1E2B}.Release|Any CPU.Build.0 = Release|Any CPU
		{BEA1D77E-E179-4225-8BC0-51D312C21807}.Debug|Any CPU.ActiveCfg = Debug|Any CPU
		{BEA1D77E-E179-4225-8BC0-51D312C21807}.Debug|Any CPU.Build.0 = Debug|Any CPU
		{BEA1D77E-E179-4225-8BC0-51D312C21807}.Release|Any CPU.ActiveCfg = Release|Any CPU
		{BEA1D77E-E179-4225-8BC0-51D312C21807}.Release|Any CPU.Build.0 = Release|Any CPU
		{826D92E6-AE42-4F47-A150-770E9CBF7BB0}.Debug|Any CPU.ActiveCfg = Debug|Any CPU
		{826D92E6-AE42-4F47-A150-770E9CBF7BB0}.Debug|Any CPU.Build.0 = Debug|Any CPU
		{826D92E6-AE42-4F47-A150-770E9CBF7BB0}.Release|Any CPU.ActiveCfg = Release|Any CPU
		{826D92E6-AE42-4F47-A150-770E9CBF7BB0}.Release|Any CPU.Build.0 = Release|Any CPU
		{E18DC898-6505-4265-9555-3C4908578788}.Debug|Any CPU.ActiveCfg = Debug|Any CPU
		{E18DC898-6505-4265-9555-3C4908578788}.Debug|Any CPU.Build.0 = Debug|Any CPU
		{E18DC898-6505-4265-9555-3C4908578788}.Release|Any CPU.ActiveCfg = Release|Any CPU
		{E18DC898-6505-4265-9555-3C4908578788}.Release|Any CPU.Build.0 = Release|Any CPU
	EndGlobalSection
	GlobalSection(SolutionProperties) = preSolution
		HideSolutionNode = FALSE
	EndGlobalSection
	GlobalSection(ExtensibilityGlobals) = postSolution
		SolutionGuid = {C5F1939A-3875-4809-8F4D-007ECFC8AE80}
	EndGlobalSection
EndGlobal
