
Microsoft Visual Studio Solution File, Format Version 12.00
# Visual Studio Version 17
VisualStudioVersion = 17.0.32112.339
MinimumVisualStudioVersion = 10.0.40219.1
Project("{FAE04EC0-301F-11D3-BF4B-00C04F79EFBC}") = "BoxOfT", "BoxOfT\BoxOfT.csproj", "{5FA8B7A4-BAC5-4302-82DB-E1DE80E0CE25}"
EndProject
Global
	GlobalSection(SolutionConfigurationPlatforms) = preSolution
		Debug|Any CPU = Debug|Any CPU
		Release|Any CPU = Release|Any CPU
	EndGlobalSection
	GlobalSection(ProjectConfigurationPlatforms) = postSolution
		{5FA8B7A4-BAC5-4302-82DB-E1DE80E0CE25}.Debug|Any CPU.ActiveCfg = Debug|Any CPU
		{5FA8B7A4-BAC5-4302-82DB-E1DE80E0CE25}.Debug|Any CPU.Build.0 = Debug|Any CPU
		{5FA8B7A4-BAC5-4302-82DB-E1DE80E0CE25}.Release|Any CPU.ActiveCfg = Release|Any CPU
		{5FA8B7A4-BAC5-4302-82DB-E1DE80E0CE25}.Release|Any CPU.Build.0 = Release|Any CPU
	EndGlobalSection
	GlobalSection(SolutionProperties) = preSolution
		HideSolutionNode = FALSE
	EndGlobalSection
	GlobalSection(ExtensibilityGlobals) = postSolution
		SolutionGuid = {EE9A9843-CDB6-406F-8007-562F0CA29FA4}
	EndGlobalSection
EndGlobal
