
Microsoft Visual Studio Solution File, Format Version 12.00
# Visual Studio Version 17
VisualStudioVersion = 17.0.32112.339
MinimumVisualStudioVersion = 10.0.40219.1
Project("{9A19103F-16F7-4668-BE54-9A1E7A4F7556}") = "GenericBoxOfString", "GenericBoxOfString\GenericBoxOfString.csproj", "{1AF800EC-D937-42A8-9629-3751E333D7D3}"
EndProject
Project("{9A19103F-16F7-4668-BE54-9A1E7A4F7556}") = "GenericBoxOfInteger", "GenericBoxOfInteger\GenericBoxOfInteger.csproj", "{122153FB-1009-4703-A57C-8DEC3F36247A}"
EndProject
Project("{9A19103F-16F7-4668-BE54-9A1E7A4F7556}") = "GenericSwapMethodString", "GenericSwapMethodString\GenericSwapMethodString.csproj", "{E0B2A67C-3D8D-416A-92A4-675CE991F726}"
EndProject
Project("{9A19103F-16F7-4668-BE54-9A1E7A4F7556}") = "GenericSwapMethodInteger", "GenericSwapMethodInteger\GenericSwapMethodInteger.csproj", "{BE6C66B5-47B6-42CD-A5CF-2860D9350E15}"
EndProject
Project("{9A19103F-16F7-4668-BE54-9A1E7A4F7556}") = "GenericCountMethodString", "GenericCountMethodString\GenericCountMethodString.csproj", "{B039F198-32A1-49C1-856E-816D3FACACA0}"
EndProject
Project("{FAE04EC0-301F-11D3-BF4B-00C04F79EFBC}") = "GenericCountMethodDouble", "GenericCountMethodDouble\GenericCountMethodDouble.csproj", "{CB43777A-6A29-4B9B-AB46-1B9D6A8B903D}"
EndProject
Project("{FAE04EC0-301F-11D3-BF4B-00C04F79EFBC}") = "Tuple", "Tuple\Tuple.csproj", "{0B3DE173-2B3D-433D-84BB-A08247D651CA}"
EndProject
Project("{FAE04EC0-301F-11D3-BF4B-00C04F79EFBC}") = "Threeuple", "Threeuple\Threeuple.csproj", "{279A7A19-3E11-4B4B-8705-4D3B79600A25}"
EndProject
Global
	GlobalSection(SolutionConfigurationPlatforms) = preSolution
		Debug|Any CPU = Debug|Any CPU
		Release|Any CPU = Release|Any CPU
	EndGlobalSection
	GlobalSection(ProjectConfigurationPlatforms) = postSolution
		{1AF800EC-D937-42A8-9629-3751E333D7D3}.Debug|Any CPU.ActiveCfg = Debug|Any CPU
		{1AF800EC-D937-42A8-9629-3751E333D7D3}.Debug|Any CPU.Build.0 = Debug|Any CPU
		{1AF800EC-D937-42A8-9629-3751E333D7D3}.Release|Any CPU.ActiveCfg = Release|Any CPU
		{1AF800EC-D937-42A8-9629-3751E333D7D3}.Release|Any CPU.Build.0 = Release|Any CPU
		{122153FB-1009-4703-A57C-8DEC3F36247A}.Debug|Any CPU.ActiveCfg = Debug|Any CPU
		{122153FB-1009-4703-A57C-8DEC3F36247A}.Debug|Any CPU.Build.0 = Debug|Any CPU
		{122153FB-1009-4703-A57C-8DEC3F36247A}.Release|Any CPU.ActiveCfg = Release|Any CPU
		{122153FB-1009-4703-A57C-8DEC3F36247A}.Release|Any CPU.Build.0 = Release|Any CPU
		{E0B2A67C-3D8D-416A-92A4-675CE991F726}.Debug|Any CPU.ActiveCfg = Debug|Any CPU
		{E0B2A67C-3D8D-416A-92A4-675CE991F726}.Debug|Any CPU.Build.0 = Debug|Any CPU
		{E0B2A67C-3D8D-416A-92A4-675CE991F726}.Release|Any CPU.ActiveCfg = Release|Any CPU
		{E0B2A67C-3D8D-416A-92A4-675CE991F726}.Release|Any CPU.Build.0 = Release|Any CPU
		{BE6C66B5-47B6-42CD-A5CF-2860D9350E15}.Debug|Any CPU.ActiveCfg = Debug|Any CPU
		{BE6C66B5-47B6-42CD-A5CF-2860D9350E15}.Debug|Any CPU.Build.0 = Debug|Any CPU
		{BE6C66B5-47B6-42CD-A5CF-2860D9350E15}.Release|Any CPU.ActiveCfg = Release|Any CPU
		{BE6C66B5-47B6-42CD-A5CF-2860D9350E15}.Release|Any CPU.Build.0 = Release|Any CPU
		{B039F198-32A1-49C1-856E-816D3FACACA0}.Debug|Any CPU.ActiveCfg = Debug|Any CPU
		{B039F198-32A1-49C1-856E-816D3FACACA0}.Debug|Any CPU.Build.0 = Debug|Any CPU
		{B039F198-32A1-49C1-856E-816D3FACACA0}.Release|Any CPU.ActiveCfg = Release|Any CPU
		{B039F198-32A1-49C1-856E-816D3FACACA0}.Release|Any CPU.Build.0 = Release|Any CPU
		{CB43777A-6A29-4B9B-AB46-1B9D6A8B903D}.Debug|Any CPU.ActiveCfg = Debug|Any CPU
		{CB43777A-6A29-4B9B-AB46-1B9D6A8B903D}.Debug|Any CPU.Build.0 = Debug|Any CPU
		{CB43777A-6A29-4B9B-AB46-1B9D6A8B903D}.Release|Any CPU.ActiveCfg = Release|Any CPU
		{CB43777A-6A29-4B9B-AB46-1B9D6A8B903D}.Release|Any CPU.Build.0 = Release|Any CPU
		{0B3DE173-2B3D-433D-84BB-A08247D651CA}.Debug|Any CPU.ActiveCfg = Debug|Any CPU
		{0B3DE173-2B3D-433D-84BB-A08247D651CA}.Debug|Any CPU.Build.0 = Debug|Any CPU
		{0B3DE173-2B3D-433D-84BB-A08247D651CA}.Release|Any CPU.ActiveCfg = Release|Any CPU
		{0B3DE173-2B3D-433D-84BB-A08247D651CA}.Release|Any CPU.Build.0 = Release|Any CPU
		{279A7A19-3E11-4B4B-8705-4D3B79600A25}.Debug|Any CPU.ActiveCfg = Debug|Any CPU
		{279A7A19-3E11-4B4B-8705-4D3B79600A25}.Debug|Any CPU.Build.0 = Debug|Any CPU
		{279A7A19-3E11-4B4B-8705-4D3B79600A25}.Release|Any CPU.ActiveCfg = Release|Any CPU
		{279A7A19-3E11-4B4B-8705-4D3B79600A25}.Release|Any CPU.Build.0 = Release|Any CPU
	EndGlobalSection
	GlobalSection(SolutionProperties) = preSolution
		HideSolutionNode = FALSE
	EndGlobalSection
	GlobalSection(ExtensibilityGlobals) = postSolution
		SolutionGuid = {8BECC4DE-1237-4425-9067-29589D5F7577}
	EndGlobalSection
EndGlobal
