
Microsoft Visual Studio Solution File, Format Version 12.00
# Visual Studio Version 17
VisualStudioVersion = 17.0.32112.339
MinimumVisualStudioVersion = 10.0.40219.1
Project("{FAE04EC0-301F-11D3-BF4B-00C04F79EFBC}") = "IteratorsAndComparators", "IteratorsAndComparators\IteratorsAndComparators.csproj", "{7C96143A-E9EF-474E-BAFB-D8F02F3C254E}"
EndProject
Global
	GlobalSection(SolutionConfigurationPlatforms) = preSolution
		Debug|Any CPU = Debug|Any CPU
		Release|Any CPU = Release|Any CPU
	EndGlobalSection
	GlobalSection(ProjectConfigurationPlatforms) = postSolution
		{7C96143A-E9EF-474E-BAFB-D8F02F3C254E}.Debug|Any CPU.ActiveCfg = Debug|Any CPU
		{7C96143A-E9EF-474E-BAFB-D8F02F3C254E}.Debug|Any CPU.Build.0 = Debug|Any CPU
		{7C96143A-E9EF-474E-BAFB-D8F02F3C254E}.Release|Any CPU.ActiveCfg = Release|Any CPU
		{7C96143A-E9EF-474E-BAFB-D8F02F3C254E}.Release|Any CPU.Build.0 = Release|Any CPU
	EndGlobalSection
	GlobalSection(SolutionProperties) = preSolution
		HideSolutionNode = FALSE
	EndGlobalSection
	GlobalSection(ExtensibilityGlobals) = postSolution
		SolutionGuid = {E398889B-42E6-433E-ADB9-A816B61D1F0F}
	EndGlobalSection
EndGlobal
