
Microsoft Visual Studio Solution File, Format Version 12.00
# Visual Studio Version 17
VisualStudioVersion = 17.0.32112.339
MinimumVisualStudioVersion = 10.0.40219.1
Project("{9A19103F-16F7-4668-BE54-9A1E7A4F7556}") = "1. Diagonal Difference", "1. Diagonal Difference\1. Diagonal Difference.csproj", "{38EF6EE5-744D-4057-AE5F-909988ADE5E9}"
EndProject
Project("{9A19103F-16F7-4668-BE54-9A1E7A4F7556}") = "2. Squares in Matrix", "2. Squares in Matrix\2. Squares in Matrix.csproj", "{E5D4AE0A-F44A-4F50-9CBA-15B3D2840B99}"
EndProject
Project("{9A19103F-16F7-4668-BE54-9A1E7A4F7556}") = "3. Maximal Sum", "3. Maximal Sum\3. Maximal Sum.csproj", "{4B64E81C-17FD-4441-B1A5-E33813B151C8}"
EndProject
Project("{9A19103F-16F7-4668-BE54-9A1E7A4F7556}") = "4. Matrix Shuffling", "4. Matrix Shuffling\4. Matrix Shuffling.csproj", "{B6AE8086-B212-4EFB-854C-AC960A88EC7B}"
EndProject
Project("{9A19103F-16F7-4668-BE54-9A1E7A4F7556}") = "5. Snake Moves", "5. Snake Moves\5. Snake Moves.csproj", "{0C1292F6-774D-439D-980D-BDA5E9DA2625}"
EndProject
Project("{9A19103F-16F7-4668-BE54-9A1E7A4F7556}") = "6. Jagged Array Manipulator", "6. Jagged Array Manipulator\6. Jagged Array Manipulator.csproj", "{E77829EC-79CD-4369-A57F-E2A6ADC93DD7}"
EndProject
Project("{FAE04EC0-301F-11D3-BF4B-00C04F79EFBC}") = "7. Knight Game", "7. Knight Game\7. Knight Game.csproj", "{0B29F013-3C2C-4805-8CA9-E736197A4012}"
EndProject
Project("{FAE04EC0-301F-11D3-BF4B-00C04F79EFBC}") = "8. Bombs", "8. Bombs\8. Bombs.csproj", "{EB62C28F-6F02-423B-98A2-1883BEB629FE}"
EndProject
Global
	GlobalSection(SolutionConfigurationPlatforms) = preSolution
		Debug|Any CPU = Debug|Any CPU
		Release|Any CPU = Release|Any CPU
	EndGlobalSection
	GlobalSection(ProjectConfigurationPlatforms) = postSolution
		{38EF6EE5-744D-4057-AE5F-909988ADE5E9}.Debug|Any CPU.ActiveCfg = Debug|Any CPU
		{38EF6EE5-744D-4057-AE5F-909988ADE5E9}.Debug|Any CPU.Build.0 = Debug|Any CPU
		{38EF6EE5-744D-4057-AE5F-909988ADE5E9}.Release|Any CPU.ActiveCfg = Release|Any CPU
		{38EF6EE5-744D-4057-AE5F-909988ADE5E9}.Release|Any CPU.Build.0 = Release|Any CPU
		{E5D4AE0A-F44A-4F50-9CBA-15B3D2840B99}.Debug|Any CPU.ActiveCfg = Debug|Any CPU
		{E5D4AE0A-F44A-4F50-9CBA-15B3D2840B99}.Debug|Any CPU.Build.0 = Debug|Any CPU
		{E5D4AE0A-F44A-4F50-9CBA-15B3D2840B99}.Release|Any CPU.ActiveCfg = Release|Any CPU
		{E5D4AE0A-F44A-4F50-9CBA-15B3D2840B99}.Release|Any CPU.Build.0 = Release|Any CPU
		{4B64E81C-17FD-4441-B1A5-E33813B151C8}.Debug|Any CPU.ActiveCfg = Debug|Any CPU
		{4B64E81C-17FD-4441-B1A5-E33813B151C8}.Debug|Any CPU.Build.0 = Debug|Any CPU
		{4B64E81C-17FD-4441-B1A5-E33813B151C8}.Release|Any CPU.ActiveCfg = Release|Any CPU
		{4B64E81C-17FD-4441-B1A5-E33813B151C8}.Release|Any CPU.Build.0 = Release|Any CPU
		{B6AE8086-B212-4EFB-854C-AC960A88EC7B}.Debug|Any CPU.ActiveCfg = Debug|Any CPU
		{B6AE8086-B212-4EFB-854C-AC960A88EC7B}.Debug|Any CPU.Build.0 = Debug|Any CPU
		{B6AE8086-B212-4EFB-854C-AC960A88EC7B}.Release|Any CPU.ActiveCfg = Release|Any CPU
		{B6AE8086-B212-4EFB-854C-AC960A88EC7B}.Release|Any CPU.Build.0 = Release|Any CPU
		{0C1292F6-774D-439D-980D-BDA5E9DA2625}.Debug|Any CPU.ActiveCfg = Debug|Any CPU
		{0C1292F6-774D-439D-980D-BDA5E9DA2625}.Debug|Any CPU.Build.0 = Debug|Any CPU
		{0C1292F6-774D-439D-980D-BDA5E9DA2625}.Release|Any CPU.ActiveCfg = Release|Any CPU
		{0C1292F6-774D-439D-980D-BDA5E9DA2625}.Release|Any CPU.Build.0 = Release|Any CPU
		{E77829EC-79CD-4369-A57F-E2A6ADC93DD7}.Debug|Any CPU.ActiveCfg = Debug|Any CPU
		{E77829EC-79CD-4369-A57F-E2A6ADC93DD7}.Debug|Any CPU.Build.0 = Debug|Any CPU
		{E77829EC-79CD-4369-A57F-E2A6ADC93DD7}.Release|Any CPU.ActiveCfg = Release|Any CPU
		{E77829EC-79CD-4369-A57F-E2A6ADC93DD7}.Release|Any CPU.Build.0 = Release|Any CPU
		{0B29F013-3C2C-4805-8CA9-E736197A4012}.Debug|Any CPU.ActiveCfg = Debug|Any CPU
		{0B29F013-3C2C-4805-8CA9-E736197A4012}.Debug|Any CPU.Build.0 = Debug|Any CPU
		{0B29F013-3C2C-4805-8CA9-E736197A4012}.Release|Any CPU.ActiveCfg = Release|Any CPU
		{0B29F013-3C2C-4805-8CA9-E736197A4012}.Release|Any CPU.Build.0 = Release|Any CPU
		{EB62C28F-6F02-423B-98A2-1883BEB629FE}.Debug|Any CPU.ActiveCfg = Debug|Any CPU
		{EB62C28F-6F02-423B-98A2-1883BEB629FE}.Debug|Any CPU.Build.0 = Debug|Any CPU
		{EB62C28F-6F02-423B-98A2-1883BEB629FE}.Release|Any CPU.ActiveCfg = Release|Any CPU
		{EB62C28F-6F02-423B-98A2-1883BEB629FE}.Release|Any CPU.Build.0 = Release|Any CPU
	EndGlobalSection
	GlobalSection(SolutionProperties) = preSolution
		HideSolutionNode = FALSE
	EndGlobalSection
	GlobalSection(ExtensibilityGlobals) = postSolution
		SolutionGuid = {225F0174-00D1-4B3B-8176-69617D581B28}
	EndGlobalSection
EndGlobal
