
Microsoft Visual Studio Solution File, Format Version 12.00
# Visual Studio Version 17
VisualStudioVersion = 17.0.32112.339
MinimumVisualStudioVersion = 10.0.40219.1
Project("{FAE04EC0-301F-11D3-BF4B-00C04F79EFBC}") = "1. Diagonal Difference", "1. Diagonal Difference\1. Diagonal Difference.csproj", "{38EF6EE5-744D-4057-AE5F-909988ADE5E9}"
EndProject
Project("{FAE04EC0-301F-11D3-BF4B-00C04F79EFBC}") = "2. Squares in Matrix", "2. Squares in Matrix\2. Squares in Matrix.csproj", "{E5D4AE0A-F44A-4F50-9CBA-15B3D2840B99}"
EndProject
Global
	GlobalSection(SolutionConfigurationPlatforms) = preSolution
		Debug|Any CPU = Debug|Any CPU
		Release|Any CPU = Release|Any CPU
	EndGlobalSection
	GlobalSection(ProjectConfigurationPlatforms) = postSolution
		{38EF6EE5-744D-4057-AE5F-909988ADE5E9}.Debug|Any CPU.ActiveCfg = Debug|Any CPU
		{38EF6EE5-744D-4057-AE5F-909988ADE5E9}.Debug|Any CPU.Build.0 = Debug|Any CPU
		{38EF6EE5-744D-4057-AE5F-909988ADE5E9}.Release|Any CPU.ActiveCfg = Release|Any CPU
		{38EF6EE5-744D-4057-AE5F-909988ADE5E9}.Release|Any CPU.Build.0 = Release|Any CPU
		{E5D4AE0A-F44A-4F50-9CBA-15B3D2840B99}.Debug|Any CPU.ActiveCfg = Debug|Any CPU
		{E5D4AE0A-F44A-4F50-9CBA-15B3D2840B99}.Debug|Any CPU.Build.0 = Debug|Any CPU
		{E5D4AE0A-F44A-4F50-9CBA-15B3D2840B99}.Release|Any CPU.ActiveCfg = Release|Any CPU
		{E5D4AE0A-F44A-4F50-9CBA-15B3D2840B99}.Release|Any CPU.Build.0 = Release|Any CPU
	EndGlobalSection
	GlobalSection(SolutionProperties) = preSolution
		HideSolutionNode = FALSE
	EndGlobalSection
	GlobalSection(ExtensibilityGlobals) = postSolution
		SolutionGuid = {225F0174-00D1-4B3B-8176-69617D581B28}
	EndGlobalSection
EndGlobal
