
Microsoft Visual Studio Solution File, Format Version 12.00
# Visual Studio Version 17
VisualStudioVersion = 17.0.32112.339
MinimumVisualStudioVersion = 10.0.40219.1
Project("{9A19103F-16F7-4668-BE54-9A1E7A4F7556}") = "1. Diagonal Difference", "1. Diagonal Difference\1. Diagonal Difference.csproj", "{F96AD7A2-2B0B-4CB1-BF9E-EF7A11F27413}"
EndProject
Project("{9A19103F-16F7-4668-BE54-9A1E7A4F7556}") = "2. Squares in Matrix", "2. Squares in Matrix\2. Squares in Matrix.csproj", "{83EDE203-B8DA-43C6-9EFF-C11C69F7D77F}"
EndProject
Project("{9A19103F-16F7-4668-BE54-9A1E7A4F7556}") = "3. Maximal Sum", "3. Maximal Sum\3. Maximal Sum.csproj", "{BB1A6FE2-D350-4553-9521-198F5CC65E89}"
EndProject
Project("{9A19103F-16F7-4668-BE54-9A1E7A4F7556}") = "4. Matrix Shuffling", "4. Matrix Shuffling\4. Matrix Shuffling.csproj", "{7529258A-D05A-4DDB-BC9C-D3403AAC6E17}"
EndProject
Project("{9A19103F-16F7-4668-BE54-9A1E7A4F7556}") = "5. Snake Moves", "5. Snake Moves\5. Snake Moves.csproj", "{766E6DD2-AD62-4942-9DC3-ACD24B3B8730}"
EndProject
Project("{9A19103F-16F7-4668-BE54-9A1E7A4F7556}") = "6. Jagged Array Manipulator", "6. Jagged Array Manipulator\6. Jagged Array Manipulator.csproj", "{CBD2070C-9472-4EDE-8877-DE16B109CC59}"
EndProject
Project("{9A19103F-16F7-4668-BE54-9A1E7A4F7556}") = "7. Knight Game", "7. Knight Game\7. Knight Game.csproj", "{E8EC4E45-C27B-4627-B5BB-10D28C67ADFD}"
EndProject
Project("{FAE04EC0-301F-11D3-BF4B-00C04F79EFBC}") = "8. Bombs", "8. Bombs\8. Bombs.csproj", "{4B459B55-2CB6-47B8-B861-3E0942073046}"
EndProject
Global
	GlobalSection(SolutionConfigurationPlatforms) = preSolution
		Debug|Any CPU = Debug|Any CPU
		Release|Any CPU = Release|Any CPU
	EndGlobalSection
	GlobalSection(ProjectConfigurationPlatforms) = postSolution
		{F96AD7A2-2B0B-4CB1-BF9E-EF7A11F27413}.Debug|Any CPU.ActiveCfg = Debug|Any CPU
		{F96AD7A2-2B0B-4CB1-BF9E-EF7A11F27413}.Debug|Any CPU.Build.0 = Debug|Any CPU
		{F96AD7A2-2B0B-4CB1-BF9E-EF7A11F27413}.Release|Any CPU.ActiveCfg = Release|Any CPU
		{F96AD7A2-2B0B-4CB1-BF9E-EF7A11F27413}.Release|Any CPU.Build.0 = Release|Any CPU
		{83EDE203-B8DA-43C6-9EFF-C11C69F7D77F}.Debug|Any CPU.ActiveCfg = Debug|Any CPU
		{83EDE203-B8DA-43C6-9EFF-C11C69F7D77F}.Debug|Any CPU.Build.0 = Debug|Any CPU
		{83EDE203-B8DA-43C6-9EFF-C11C69F7D77F}.Release|Any CPU.ActiveCfg = Release|Any CPU
		{83EDE203-B8DA-43C6-9EFF-C11C69F7D77F}.Release|Any CPU.Build.0 = Release|Any CPU
		{BB1A6FE2-D350-4553-9521-198F5CC65E89}.Debug|Any CPU.ActiveCfg = Debug|Any CPU
		{BB1A6FE2-D350-4553-9521-198F5CC65E89}.Debug|Any CPU.Build.0 = Debug|Any CPU
		{BB1A6FE2-D350-4553-9521-198F5CC65E89}.Release|Any CPU.ActiveCfg = Release|Any CPU
		{BB1A6FE2-D350-4553-9521-198F5CC65E89}.Release|Any CPU.Build.0 = Release|Any CPU
		{7529258A-D05A-4DDB-BC9C-D3403AAC6E17}.Debug|Any CPU.ActiveCfg = Debug|Any CPU
		{7529258A-D05A-4DDB-BC9C-D3403AAC6E17}.Debug|Any CPU.Build.0 = Debug|Any CPU
		{7529258A-D05A-4DDB-BC9C-D3403AAC6E17}.Release|Any CPU.ActiveCfg = Release|Any CPU
		{7529258A-D05A-4DDB-BC9C-D3403AAC6E17}.Release|Any CPU.Build.0 = Release|Any CPU
		{766E6DD2-AD62-4942-9DC3-ACD24B3B8730}.Debug|Any CPU.ActiveCfg = Debug|Any CPU
		{766E6DD2-AD62-4942-9DC3-ACD24B3B8730}.Debug|Any CPU.Build.0 = Debug|Any CPU
		{766E6DD2-AD62-4942-9DC3-ACD24B3B8730}.Release|Any CPU.ActiveCfg = Release|Any CPU
		{766E6DD2-AD62-4942-9DC3-ACD24B3B8730}.Release|Any CPU.Build.0 = Release|Any CPU
		{CBD2070C-9472-4EDE-8877-DE16B109CC59}.Debug|Any CPU.ActiveCfg = Debug|Any CPU
		{CBD2070C-9472-4EDE-8877-DE16B109CC59}.Debug|Any CPU.Build.0 = Debug|Any CPU
		{CBD2070C-9472-4EDE-8877-DE16B109CC59}.Release|Any CPU.ActiveCfg = Release|Any CPU
		{CBD2070C-9472-4EDE-8877-DE16B109CC59}.Release|Any CPU.Build.0 = Release|Any CPU
		{E8EC4E45-C27B-4627-B5BB-10D28C67ADFD}.Debug|Any CPU.ActiveCfg = Debug|Any CPU
		{E8EC4E45-C27B-4627-B5BB-10D28C67ADFD}.Debug|Any CPU.Build.0 = Debug|Any CPU
		{E8EC4E45-C27B-4627-B5BB-10D28C67ADFD}.Release|Any CPU.ActiveCfg = Release|Any CPU
		{E8EC4E45-C27B-4627-B5BB-10D28C67ADFD}.Release|Any CPU.Build.0 = Release|Any CPU
		{4B459B55-2CB6-47B8-B861-3E0942073046}.Debug|Any CPU.ActiveCfg = Debug|Any CPU
		{4B459B55-2CB6-47B8-B861-3E0942073046}.Debug|Any CPU.Build.0 = Debug|Any CPU
		{4B459B55-2CB6-47B8-B861-3E0942073046}.Release|Any CPU.ActiveCfg = Release|Any CPU
		{4B459B55-2CB6-47B8-B861-3E0942073046}.Release|Any CPU.Build.0 = Release|Any CPU
	EndGlobalSection
	GlobalSection(SolutionProperties) = preSolution
		HideSolutionNode = FALSE
	EndGlobalSection
	GlobalSection(ExtensibilityGlobals) = postSolution
		SolutionGuid = {B22459E8-E79A-46CC-B2B9-FF03D307F7FF}
	EndGlobalSection
EndGlobal
